// !$*UTF8*$!
{
	archiveVersion = 1;
	classes = {
	};
	objectVersion = 56;
	objects = {

/* Begin PBXBuildFile section */
		BFFDFC9F2B516F8D00DC1C75 /* AppDelegate.swift in Sources */ = {isa = PBXBuildFile; fileRef = BFFDFC9E2B516F8D00DC1C75 /* AppDelegate.swift */; };
		BFFDFCA12B516F8D00DC1C75 /* SceneDelegate.swift in Sources */ = {isa = PBXBuildFile; fileRef = BFFDFCA02B516F8D00DC1C75 /* SceneDelegate.swift */; };
		BFFDFCA32B516F8D00DC1C75 /* ViewController.swift in Sources */ = {isa = PBXBuildFile; fileRef = BFFDFCA22B516F8D00DC1C75 /* ViewController.swift */; };
		BFFDFCA62B516F8D00DC1C75 /* Main.storyboard in Resources */ = {isa = PBXBuildFile; fileRef = BFFDFCA42B516F8D00DC1C75 /* Main.storyboard */; };
		BFFDFCA82B516F8E00DC1C75 /* Assets.xcassets in Resources */ = {isa = PBXBuildFile; fileRef = BFFDFCA72B516F8E00DC1C75 /* Assets.xcassets */; };
		BFFDFCAB2B516F8E00DC1C75 /* LaunchScreen.storyboard in Resources */ = {isa = PBXBuildFile; fileRef = BFFDFCA92B516F8E00DC1C75 /* LaunchScreen.storyboard */; };
		BFFDFCB32B5171E500DC1C75 /* SayfaA.swift in Sources */ = {isa = PBXBuildFile; fileRef = BFFDFCB22B5171E500DC1C75 /* SayfaA.swift */; };
		BFFDFCB52B5171F600DC1C75 /* SayfaX.swift in Sources */ = {isa = PBXBuildFile; fileRef = BFFDFCB42B5171F600DC1C75 /* SayfaX.swift */; };
		BFFDFCB72B51721000DC1C75 /* SayfaB.swift in Sources */ = {isa = PBXBuildFile; fileRef = BFFDFCB62B51721000DC1C75 /* SayfaB.swift */; };
		BFFDFCB92B51721E00DC1C75 /* SayfaY.swift in Sources */ = {isa = PBXBuildFile; fileRef = BFFDFCB82B51721E00DC1C75 /* SayfaY.swift */; };
/* End PBXBuildFile section */

/* Begin PBXFileReference section */
		BFFDFC9B2B516F8D00DC1C75 /* Odev4.app */ = {isa = PBXFileReference; explicitFileType = wrapper.application; includeInIndex = 0; path = Odev4.app; sourceTree = BUILT_PRODUCTS_DIR; };
		BFFDFC9E2B516F8D00DC1C75 /* AppDelegate.swift */ = {isa = PBXFileReference; lastKnownFileType = sourcecode.swift; path = AppDelegate.swift; sourceTree = "<group>"; };
		BFFDFCA02B516F8D00DC1C75 /* SceneDelegate.swift */ = {isa = PBXFileReference; lastKnownFileType = sourcecode.swift; path = SceneDelegate.swift; sourceTree = "<group>"; };
		BFFDFCA22B516F8D00DC1C75 /* ViewController.swift */ = {isa = PBXFileReference; lastKnownFileType = sourcecode.swift; path = ViewController.swift; sourceTree = "<group>"; };
		BFFDFCA52B516F8D00DC1C75 /* Base */ = {isa = PBXFileReference; lastKnownFileType = file.storyboard; name = Base; path = Base.lproj/Main.storyboard; sourceTree = "<group>"; };
		BFFDFCA72B516F8E00DC1C75 /* Assets.xcassets */ = {isa = PBXFileReference; lastKnownFileType = folder.assetcatalog; path = Assets.xcassets; sourceTree = "<group>"; };
		BFFDFCAA2B516F8E00DC1C75 /* Base */ = {isa = PBXFileReference; lastKnownFileType = file.storyboard; name = Base; path = Base.lproj/LaunchScreen.storyboard; sourceTree = "<group>"; };
		BFFDFCAC2B516F8E00DC1C75 /* Info.plist */ = {isa = PBXFileReference; lastKnownFileType = text.plist.xml; path = Info.plist; sourceTree = "<group>"; };
		BFFDFCB22B5171E500DC1C75 /* SayfaA.swift */ = {isa = PBXFileReference; lastKnownFileType = sourcecode.swift; path = SayfaA.swift; sourceTree = "<group>"; };
		BFFDFCB42B5171F600DC1C75 /* SayfaX.swift */ = {isa = PBXFileReference; lastKnownFileType = sourcecode.swift; path = SayfaX.swift; sourceTree = "<group>"; };
		BFFDFCB62B51721000DC1C75 /* SayfaB.swift */ = {isa = PBXFileReference; lastKnownFileType = sourcecode.swift; path = SayfaB.swift; sourceTree = "<group>"; };
		BFFDFCB82B51721E00DC1C75 /* SayfaY.swift */ = {isa = PBXFileReference; lastKnownFileType = sourcecode.swift; path = SayfaY.swift; sourceTree = "<group>"; };
/* End PBXFileReference section */

/* Begin PBXFrameworksBuildPhase section */
		BFFDFC982B516F8D00DC1C75 /* Frameworks */ = {
			isa = PBXFrameworksBuildPhase;
			buildActionMask = 2147483647;
			files = (
			);
			runOnlyForDeploymentPostprocessing = 0;
		};
/* End PBXFrameworksBuildPhase section */

/* Begin PBXGroup section */
		BFFDFC922B516F8D00DC1C75 = {
			isa = PBXGroup;
			children = (
				BFFDFC9D2B516F8D00DC1C75 /* Odev4 */,
				BFFDFC9C2B516F8D00DC1C75 /* Products */,
			);
			sourceTree = "<group>";
		};
		BFFDFC9C2B516F8D00DC1C75 /* Products */ = {
			isa = PBXGroup;
			children = (
				BFFDFC9B2B516F8D00DC1C75 /* Odev4.app */,
			);
			name = Products;
			sourceTree = "<group>";
		};
		BFFDFC9D2B516F8D00DC1C75 /* Odev4 */ = {
			isa = PBXGroup;
			children = (
				BFFDFC9E2B516F8D00DC1C75 /* AppDelegate.swift */,
				BFFDFCA02B516F8D00DC1C75 /* SceneDelegate.swift */,
				BFFDFCA22B516F8D00DC1C75 /* ViewController.swift */,
				BFFDFCB82B51721E00DC1C75 /* SayfaY.swift */,
				BFFDFCB62B51721000DC1C75 /* SayfaB.swift */,
				BFFDFCB42B5171F600DC1C75 /* SayfaX.swift */,
				BFFDFCB22B5171E500DC1C75 /* SayfaA.swift */,
				BFFDFCA42B516F8D00DC1C75 /* Main.storyboard */,
				BFFDFCA72B516F8E00DC1C75 /* Assets.xcassets */,
				BFFDFCA92B516F8E00DC1C75 /* LaunchScreen.storyboard */,
				BFFDFCAC2B516F8E00DC1C75 /* Info.plist */,
			);
			path = Odev4;
			sourceTree = "<group>";
		};
/* End PBXGroup section */

/* Begin PBXNativeTarget section */
		BFFDFC9A2B516F8D00DC1C75 /* Odev4 */ = {
			isa = PBXNativeTarget;
			buildConfigurationList = BFFDFCAF2B516F8E00DC1C75 /* Build configuration list for PBXNativeTarget "Odev4" */;
			buildPhases = (
				BFFDFC972B516F8D00DC1C75 /* Sources */,
				BFFDFC982B516F8D00DC1C75 /* Frameworks */,
				BFFDFC992B516F8D00DC1C75 /* Resources */,
			);
			buildRules = (
			);
			dependencies = (
			);
			name = Odev4;
			productName = Odev4;
			productReference = BFFDFC9B2B516F8D00DC1C75 /* Odev4.app */;
			productType = "com.apple.product-type.application";
		};
/* End PBXNativeTarget section */

/* Begin PBXProject section */
		BFFDFC932B516F8D00DC1C75 /* Project object */ = {
			isa = PBXProject;
			attributes = {
				BuildIndependentTargetsInParallel = 1;
				LastSwiftUpdateCheck = 1520;
				LastUpgradeCheck = 1520;
				TargetAttributes = {
					BFFDFC9A2B516F8D00DC1C75 = {
						CreatedOnToolsVersion = 15.2;
					};
				};
			};
			buildConfigurationList = BFFDFC962B516F8D00DC1C75 /* Build configuration list for PBXProject "Odev4" */;
			compatibilityVersion = "Xcode 14.0";
			developmentRegion = en;
			hasScannedForEncodings = 0;
			knownRegions = (
				en,
				Base,
			);
			mainGroup = BFFDFC922B516F8D00DC1C75;
			productRefGroup = BFFDFC9C2B516F8D00DC1C75 /* Products */;
			projectDirPath = "";
			projectRoot = "";
			targets = (
				BFFDFC9A2B516F8D00DC1C75 /* Odev4 */,
			);
		};
/* End PBXProject section */

/* Begin PBXResourcesBuildPhase section */
		BFFDFC992B516F8D00DC1C75 /* Resources */ = {
			isa = PBXResourcesBuildPhase;
			buildActionMask = 2147483647;
			files = (
				BFFDFCAB2B516F8E00DC1C75 /* LaunchScreen.storyboard in Resources */,
				BFFDFCA82B516F8E00DC1C75 /* Assets.xcassets in Resources */,
				BFFDFCA62B516F8D00DC1C75 /* Main.storyboard in Resources */,
			);
			runOnlyForDeploymentPostprocessing = 0;
		};
/* End PBXResourcesBuildPhase section */

/* Begin PBXSourcesBuildPhase section */
		BFFDFC972B516F8D00DC1C75 /* Sources */ = {
			isa = PBXSourcesBuildPhase;
			buildActionMask = 2147483647;
			files = (
				BFFDFCB32B5171E500DC1C75 /* SayfaA.swift in Sources */,
				BFFDFCB72B51721000DC1C75 /* SayfaB.swift in Sources */,
				BFFDFCB52B5171F600DC1C75 /* SayfaX.swift in Sources */,
				BFFDFCA32B516F8D00DC1C75 /* ViewController.swift in Sources */,
				BFFDFC9F2B516F8D00DC1C75 /* AppDelegate.swift in Sources */,
				BFFDFCB92B51721E00DC1C75 /* SayfaY.swift in Sources */,
				BFFDFCA12B516F8D00DC1C75 /* SceneDelegate.swift in Sources */,
			);
			runOnlyForDeploymentPostprocessing = 0;
		};
/* End PBXSourcesBuildPhase section */

/* Begin PBXVariantGroup section */
		BFFDFCA42B516F8D00DC1C75 /* Main.storyboard */ = {
			isa = PBXVariantGroup;
			children = (
				BFFDFCA52B516F8D00DC1C75 /* Base */,
			);
			name = Main.storyboard;
			sourceTree = "<group>";
		};
		BFFDFCA92B516F8E00DC1C75 /* LaunchScreen.storyboard */ = {
			isa = PBXVariantGroup;
			children = (
				BFFDFCAA2B516F8E00DC1C75 /* Base */,
			);
			name = LaunchScreen.storyboard;
			sourceTree = "<group>";
		};
/* End PBXVariantGroup section */

/* Begin XCBuildConfiguration section */
		BFFDFCAD2B516F8E00DC1C75 /* Debug */ = {
			isa = XCBuildConfiguration;
			buildSettings = {
				ALWAYS_SEARCH_USER_PATHS = NO;
				ASSETCATALOG_COMPILER_GENERATE_SWIFT_ASSET_SYMBOL_EXTENSIONS = YES;
				CLANG_ANALYZER_NONNULL = YES;
				CLANG_ANALYZER_NUMBER_OBJECT_CONVERSION = YES_AGGRESSIVE;
				CLANG_CXX_LANGUAGE_STANDARD = "gnu++20";
				CLANG_ENABLE_MODULES = YES;
				CLANG_ENABLE_OBJC_ARC = YES;
				CLANG_ENABLE_OBJC_WEAK = YES;
				CLANG_WARN_BLOCK_CAPTURE_AUTORELEASING = YES;
				CLANG_WARN_BOOL_CONVERSION = YES;
				CLANG_WARN_COMMA = YES;
				CLANG_WARN_CONSTANT_CONVERSION = YES;
				CLANG_WARN_DEPRECATED_OBJC_IMPLEMENTATIONS = YES;
				CLANG_WARN_DIRECT_OBJC_ISA_USAGE = YES_ERROR;
				CLANG_WARN_DOCUMENTATION_COMMENTS = YES;
				CLANG_WARN_EMPTY_BODY = YES;
				CLANG_WARN_ENUM_CONVERSION = YES;
				CLANG_WARN_INFINITE_RECURSION = YES;
				CLANG_WARN_INT_CONVERSION = YES;
				CLANG_WARN_NON_LITERAL_NULL_CONVERSION = YES;
				CLANG_WARN_OBJC_IMPLICIT_RETAIN_SELF = YES;
				CLANG_WARN_OBJC_LITERAL_CONVERSION = YES;
				CLANG_WARN_OBJC_ROOT_CLASS = YES_ERROR;
				CLANG_WARN_QUOTED_INCLUDE_IN_FRAMEWORK_HEADER = YES;
				CLANG_WARN_RANGE_LOOP_ANALYSIS = YES;
				CLANG_WARN_STRICT_PROTOTYPES = YES;
				CLANG_WARN_SUSPICIOUS_MOVE = YES;
				CLANG_WARN_UNGUARDED_AVAILABILITY = YES_AGGRESSIVE;
				CLANG_WARN_UNREACHABLE_CODE = YES;
				CLANG_WARN__DUPLICATE_METHOD_MATCH = YES;
				COPY_PHASE_STRIP = NO;
				DEBUG_INFORMATION_FORMAT = dwarf;
				ENABLE_STRICT_OBJC_MSGSEND = YES;
				ENABLE_TESTABILITY = YES;
				ENABLE_USER_SCRIPT_SANDBOXING = YES;
				GCC_C_LANGUAGE_STANDARD = gnu17;
				GCC_DYNAMIC_NO_PIC = NO;
				GCC_NO_COMMON_BLOCKS = YES;
				GCC_OPTIMIZATION_LEVEL = 0;
				GCC_PREPROCESSOR_DEFINITIONS = (
					"DEBUG=1",
					"$(inherited)",
				);
				GCC_WARN_64_TO_32_BIT_CONVERSION = YES;
				GCC_WARN_ABOUT_RETURN_TYPE = YES_ERROR;
				GCC_WARN_UNDECLARED_SELECTOR = YES;
				GCC_WARN_UNINITIALIZED_AUTOS = YES_AGGRESSIVE;
				GCC_WARN_UNUSED_FUNCTION = YES;
				GCC_WARN_UNUSED_VARIABLE = YES;
				IPHONEOS_DEPLOYMENT_TARGET = 17.2;
				LOCALIZATION_PREFERS_STRING_CATALOGS = YES;
				MTL_ENABLE_DEBUG_INFO = INCLUDE_SOURCE;
				MTL_FAST_MATH = YES;
				ONLY_ACTIVE_ARCH = YES;
				SDKROOT = iphoneos;
				SWIFT_ACTIVE_COMPILATION_CONDITIONS = "DEBUG $(inherited)";
				SWIFT_OPTIMIZATION_LEVEL = "-Onone";
			};
			name = Debug;
		};
		BFFDFCAE2B516F8E00DC1C75 /* Release */ = {
			isa = XCBuildConfiguration;
			buildSettings = {
				ALWAYS_SEARCH_USER_PATHS = NO;
				ASSETCATALOG_COMPILER_GENERATE_SWIFT_ASSET_SYMBOL_EXTENSIONS = YES;
				CLANG_ANALYZER_NONNULL = YES;
				CLANG_ANALYZER_NUMBER_OBJECT_CONVERSION = YES_AGGRESSIVE;
				CLANG_CXX_LANGUAGE_STANDARD = "gnu++20";
				CLANG_ENABLE_MODULES = YES;
				CLANG_ENABLE_OBJC_ARC = YES;
				CLANG_ENABLE_OBJC_WEAK = YES;
				CLANG_WARN_BLOCK_CAPTURE_AUTORELEASING = YES;
				CLANG_WARN_BOOL_CONVERSION = YES;
				CLANG_WARN_COMMA = YES;
				CLANG_WARN_CONSTANT_CONVERSION = YES;
				CLANG_WARN_DEPRECATED_OBJC_IMPLEMENTATIONS = YES;
				CLANG_WARN_DIRECT_OBJC_ISA_USAGE = YES_ERROR;
				CLANG_WARN_DOCUMENTATION_COMMENTS = YES;
				CLANG_WARN_EMPTY_BODY = YES;
				CLANG_WARN_ENUM_CONVERSION = YES;
				CLANG_WARN_INFINITE_RECURSION = YES;
				CLANG_WARN_INT_CONVERSION = YES;
				CLANG_WARN_NON_LITERAL_NULL_CONVERSION = YES;
				CLANG_WARN_OBJC_IMPLICIT_RETAIN_SELF = YES;
				CLANG_WARN_OBJC_LITERAL_CONVERSION = YES;
				CLANG_WARN_OBJC_ROOT_CLASS = YES_ERROR;
				CLANG_WARN_QUOTED_INCLUDE_IN_FRAMEWORK_HEADER = YES;
				CLANG_WARN_RANGE_LOOP_ANALYSIS = YES;
				CLANG_WARN_STRICT_PROTOTYPES = YES;
				CLANG_WARN_SUSPICIOUS_MOVE = YES;
				CLANG_WARN_UNGUARDED_AVAILABILITY = YES_AGGRESSIVE;
				CLANG_WARN_UNREACHABLE_CODE = YES;
				CLANG_WARN__DUPLICATE_METHOD_MATCH = YES;
				COPY_PHASE_STRIP = NO;
				DEBUG_INFORMATION_FORMAT = "dwarf-with-dsym";
				ENABLE_NS_ASSERTIONS = NO;
				ENABLE_STRICT_OBJC_MSGSEND = YES;
				ENABLE_USER_SCRIPT_SANDBOXING = YES;
				GCC_C_LANGUAGE_STANDARD = gnu17;
				GCC_NO_COMMON_BLOCKS = YES;
				GCC_WARN_64_TO_32_BIT_CONVERSION = YES;
				GCC_WARN_ABOUT_RETURN_TYPE = YES_ERROR;
				GCC_WARN_UNDECLARED_SELECTOR = YES;
				GCC_WARN_UNINITIALIZED_AUTOS = YES_AGGRESSIVE;
				GCC_WARN_UNUSED_FUNCTION = YES;
				GCC_WARN_UNUSED_VARIABLE = YES;
				IPHONEOS_DEPLOYMENT_TARGET = 17.2;
				LOCALIZATION_PREFERS_STRING_CATALOGS = YES;
				MTL_ENABLE_DEBUG_INFO = NO;
				MTL_FAST_MATH = YES;
				SDKROOT = iphoneos;
				SWIFT_COMPILATION_MODE = wholemodule;
				VALIDATE_PRODUCT = YES;
			};
			name = Release;
		};
		BFFDFCB02B516F8E00DC1C75 /* Debug */ = {
			isa = XCBuildConfiguration;
			buildSettings = {
				ASSETCATALOG_COMPILER_APPICON_NAME = AppIcon;
				ASSETCATALOG_COMPILER_GLOBAL_ACCENT_COLOR_NAME = AccentColor;
				CODE_SIGN_STYLE = Automatic;
				CURRENT_PROJECT_VERSION = 1;
				DEVELOPMENT_TEAM = MN2C4KUDVN;
				GENERATE_INFOPLIST_FILE = YES;
				INFOPLIST_FILE = Odev4/Info.plist;
				INFOPLIST_KEY_UIApplicationSupportsIndirectInputEvents = YES;
				INFOPLIST_KEY_UILaunchStoryboardName = LaunchScreen;
				INFOPLIST_KEY_UIMainStoryboardFile = Main;
				INFOPLIST_KEY_UISupportedInterfaceOrientations_iPad = "UIInterfaceOrientationPortrait UIInterfaceOrientationPortraitUpsideDown UIInterfaceOrientationLandscapeLeft UIInterfaceOrientationLandscapeRight";
				INFOPLIST_KEY_UISupportedInterfaceOrientations_iPhone = "UIInterfaceOrientationPortrait UIInterfaceOrientationLandscapeLeft UIInterfaceOrientationLandscapeRight";
				LD_RUNPATH_SEARCH_PATHS = (
					"$(inherited)",
					"@executable_path/Frameworks",
				);
				MARKETING_VERSION = 1.0;
				PRODUCT_BUNDLE_IDENTIFIER = com.SpotifyTemplate.Odev4;
				PRODUCT_NAME = "$(TARGET_NAME)";
				SWIFT_EMIT_LOC_STRINGS = YES;
				SWIFT_VERSION = 5.0;
				TARGETED_DEVICE_FAMILY = "1,2";
			};
			name = Debug;
		};
		BFFDFCB12B516F8E00DC1C75 /* Release */ = {
			isa = XCBuildConfiguration;
			buildSettings = {
				ASSETCATALOG_COMPILER_APPICON_NAME = AppIcon;
				ASSETCATALOG_COMPILER_GLOBAL_ACCENT_COLOR_NAME = AccentColor;
				CODE_SIGN_STYLE = Automatic;
				CURRENT_PROJECT_VERSION = 1;
				DEVELOPMENT_TEAM = MN2C4KUDVN;
				GENERATE_INFOPLIST_FILE = YES;
				INFOPLIST_FILE = Odev4/Info.plist;
				INFOPLIST_KEY_UIApplicationSupportsIndirectInputEvents = YES;
				INFOPLIST_KEY_UILaunchStoryboardName = LaunchScreen;
				INFOPLIST_KEY_UIMainStoryboardFile = Main;
				INFOPLIST_KEY_UISupportedInterfaceOrientations_iPad = "UIInterfaceOrientationPortrait UIInterfaceOrientationPortraitUpsideDown UIInterfaceOrientationLandscapeLeft UIInterfaceOrientationLandscapeRight";
				INFOPLIST_KEY_UISupportedInterfaceOrientations_iPhone = "UIInterfaceOrientationPortrait UIInterfaceOrientationLandscapeLeft UIInterfaceOrientationLandscapeRight";
				LD_RUNPATH_SEARCH_PATHS = (
					"$(inherited)",
					"@executable_path/Frameworks",
				);
				MARKETING_VERSION = 1.0;
				PRODUCT_BUNDLE_IDENTIFIER = com.SpotifyTemplate.Odev4;
				PRODUCT_NAME = "$(TARGET_NAME)";
				SWIFT_EMIT_LOC_STRINGS = YES;
				SWIFT_VERSION = 5.0;
				TARGETED_DEVICE_FAMILY = "1,2";
			};
			name = Release;
		};
/* End XCBuildConfiguration section */

/* Begin XCConfigurationList section */
		BFFDFC962B516F8D00DC1C75 /* Build configuration list for PBXProject "Odev4" */ = {
			isa = XCConfigurationList;
			buildConfigurations = (
				BFFDFCAD2B516F8E00DC1C75 /* Debug */,
				BFFDFCAE2B516F8E00DC1C75 /* Release */,
			);
			defaultConfigurationIsVisible = 0;
			defaultConfigurationName = Release;
		};
		BFFDFCAF2B516F8E00DC1C75 /* Build configuration list for PBXNativeTarget "Odev4" */ = {
			isa = XCConfigurationList;
			buildConfigurations = (
				BFFDFCB02B516F8E00DC1C75 /* Debug */,
				BFFDFCB12B516F8E00DC1C75 /* Release */,
			);
			defaultConfigurationIsVisible = 0;
			defaultConfigurationName = Release;
		};
/* End XCConfigurationList section */
	};
	rootObject = BFFDFC932B516F8D00DC1C75 /* Project object */;
}
