// !$*UTF8*$!
{
	archiveVersion = 1;
	classes = {
	};
	objectVersion = 56;
	objects = {

/* Begin PBXBuildFile section */
		BF8D960E2B5D97EA009E9514 /* AppDelegate.swift in Sources */ = {isa = PBXBuildFile; fileRef = BF8D960D2B5D97EA009E9514 /* AppDelegate.swift */; };
		BF8D96102B5D97EA009E9514 /* SceneDelegate.swift in Sources */ = {isa = PBXBuildFile; fileRef = BF8D960F2B5D97EA009E9514 /* SceneDelegate.swift */; };
		BF8D96122B5D97EA009E9514 /* ViewController.swift in Sources */ = {isa = PBXBuildFile; fileRef = BF8D96112B5D97EA009E9514 /* ViewController.swift */; };
		BF8D96152B5D97EA009E9514 /* Main.storyboard in Resources */ = {isa = PBXBuildFile; fileRef = BF8D96132B5D97EA009E9514 /* Main.storyboard */; };
		BF8D96172B5D97EB009E9514 /* Assets.xcassets in Resources */ = {isa = PBXBuildFile; fileRef = BF8D96162B5D97EB009E9514 /* Assets.xcassets */; };
		BF8D961A2B5D97EB009E9514 /* LaunchScreen.storyboard in Resources */ = {isa = PBXBuildFile; fileRef = BF8D96182B5D97EB009E9514 /* LaunchScreen.storyboard */; };
		BF8D96272B5DA1F9009E9514 /* Basliklar.swift in Sources */ = {isa = PBXBuildFile; fileRef = BF8D96262B5DA1F9009E9514 /* Basliklar.swift */; };
		BF8D96292B5DA2B6009E9514 /* DetaySayfa.swift in Sources */ = {isa = PBXBuildFile; fileRef = BF8D96282B5DA2B6009E9514 /* DetaySayfa.swift */; };
		BF8D962B2B5DA3C9009E9514 /* BasliklarHucre.swift in Sources */ = {isa = PBXBuildFile; fileRef = BF8D962A2B5DA3C9009E9514 /* BasliklarHucre.swift */; };
/* End PBXBuildFile section */

/* Begin PBXFileReference section */
		BF8D960A2B5D97EA009E9514 /* Odev6.app */ = {isa = PBXFileReference; explicitFileType = wrapper.application; includeInIndex = 0; path = Odev6.app; sourceTree = BUILT_PRODUCTS_DIR; };
		BF8D960D2B5D97EA009E9514 /* AppDelegate.swift */ = {isa = PBXFileReference; lastKnownFileType = sourcecode.swift; path = AppDelegate.swift; sourceTree = "<group>"; };
		BF8D960F2B5D97EA009E9514 /* SceneDelegate.swift */ = {isa = PBXFileReference; lastKnownFileType = sourcecode.swift; path = SceneDelegate.swift; sourceTree = "<group>"; };
		BF8D96112B5D97EA009E9514 /* ViewController.swift */ = {isa = PBXFileReference; lastKnownFileType = sourcecode.swift; path = ViewController.swift; sourceTree = "<group>"; };
		BF8D96142B5D97EA009E9514 /* Base */ = {isa = PBXFileReference; lastKnownFileType = file.storyboard; name = Base; path = Base.lproj/Main.storyboard; sourceTree = "<group>"; };
		BF8D96162B5D97EB009E9514 /* Assets.xcassets */ = {isa = PBXFileReference; lastKnownFileType = folder.assetcatalog; path = Assets.xcassets; sourceTree = "<group>"; };
		BF8D96192B5D97EB009E9514 /* Base */ = {isa = PBXFileReference; lastKnownFileType = file.storyboard; name = Base; path = Base.lproj/LaunchScreen.storyboard; sourceTree = "<group>"; };
		BF8D961B2B5D97EB009E9514 /* Info.plist */ = {isa = PBXFileReference; lastKnownFileType = text.plist.xml; path = Info.plist; sourceTree = "<group>"; };
		BF8D96262B5DA1F9009E9514 /* Basliklar.swift */ = {isa = PBXFileReference; lastKnownFileType = sourcecode.swift; path = Basliklar.swift; sourceTree = "<group>"; };
		BF8D96282B5DA2B6009E9514 /* DetaySayfa.swift */ = {isa = PBXFileReference; lastKnownFileType = sourcecode.swift; path = DetaySayfa.swift; sourceTree = "<group>"; };
		BF8D962A2B5DA3C9009E9514 /* BasliklarHucre.swift */ = {isa = PBXFileReference; lastKnownFileType = sourcecode.swift; path = BasliklarHucre.swift; sourceTree = "<group>"; };
/* End PBXFileReference section */

/* Begin PBXFrameworksBuildPhase section */
		BF8D96072B5D97EA009E9514 /* Frameworks */ = {
			isa = PBXFrameworksBuildPhase;
			buildActionMask = 2147483647;
			files = (
			);
			runOnlyForDeploymentPostprocessing = 0;
		};
/* End PBXFrameworksBuildPhase section */

/* Begin PBXGroup section */
		BF8D96012B5D97EA009E9514 = {
			isa = PBXGroup;
			children = (
				BF8D960C2B5D97EA009E9514 /* Odev6 */,
				BF8D960B2B5D97EA009E9514 /* Products */,
			);
			sourceTree = "<group>";
		};
		BF8D960B2B5D97EA009E9514 /* Products */ = {
			isa = PBXGroup;
			children = (
				BF8D960A2B5D97EA009E9514 /* Odev6.app */,
			);
			name = Products;
			sourceTree = "<group>";
		};
		BF8D960C2B5D97EA009E9514 /* Odev6 */ = {
			isa = PBXGroup;
			children = (
				BF8D960D2B5D97EA009E9514 /* AppDelegate.swift */,
				BF8D960F2B5D97EA009E9514 /* SceneDelegate.swift */,
				BF8D96222B5DA1B0009E9514 /* ui */,
				BF8D96212B5DA1A4009E9514 /* data */,
				BF8D96112B5D97EA009E9514 /* ViewController.swift */,
				BF8D96132B5D97EA009E9514 /* Main.storyboard */,
				BF8D96162B5D97EB009E9514 /* Assets.xcassets */,
				BF8D96182B5D97EB009E9514 /* LaunchScreen.storyboard */,
				BF8D961B2B5D97EB009E9514 /* Info.plist */,
			);
			path = Odev6;
			sourceTree = "<group>";
		};
		BF8D96212B5DA1A4009E9514 /* data */ = {
			isa = PBXGroup;
			children = (
				BF8D96242B5DA1CF009E9514 /* entity */,
			);
			path = data;
			sourceTree = "<group>";
		};
		BF8D96222B5DA1B0009E9514 /* ui */ = {
			isa = PBXGroup;
			children = (
				BF8D96252B5DA1DF009E9514 /* tableview */,
				BF8D96232B5DA1BA009E9514 /* views */,
			);
			path = ui;
			sourceTree = "<group>";
		};
		BF8D96232B5DA1BA009E9514 /* views */ = {
			isa = PBXGroup;
			children = (
				BF8D96282B5DA2B6009E9514 /* DetaySayfa.swift */,
			);
			path = views;
			sourceTree = "<group>";
		};
		BF8D96242B5DA1CF009E9514 /* entity */ = {
			isa = PBXGroup;
			children = (
				BF8D96262B5DA1F9009E9514 /* Basliklar.swift */,
			);
			path = entity;
			sourceTree = "<group>";
		};
		BF8D96252B5DA1DF009E9514 /* tableview */ = {
			isa = PBXGroup;
			children = (
				BF8D962A2B5DA3C9009E9514 /* BasliklarHucre.swift */,
			);
			path = tableview;
			sourceTree = "<group>";
		};
/* End PBXGroup section */

/* Begin PBXNativeTarget section */
		BF8D96092B5D97EA009E9514 /* Odev6 */ = {
			isa = PBXNativeTarget;
			buildConfigurationList = BF8D961E2B5D97EB009E9514 /* Build configuration list for PBXNativeTarget "Odev6" */;
			buildPhases = (
				BF8D96062B5D97EA009E9514 /* Sources */,
				BF8D96072B5D97EA009E9514 /* Frameworks */,
				BF8D96082B5D97EA009E9514 /* Resources */,
			);
			buildRules = (
			);
			dependencies = (
			);
			name = Odev6;
			productName = Odev6;
			productReference = BF8D960A2B5D97EA009E9514 /* Odev6.app */;
			productType = "com.apple.product-type.application";
		};
/* End PBXNativeTarget section */

/* Begin PBXProject section */
		BF8D96022B5D97EA009E9514 /* Project object */ = {
			isa = PBXProject;
			attributes = {
				BuildIndependentTargetsInParallel = 1;
				LastSwiftUpdateCheck = 1520;
				LastUpgradeCheck = 1520;
				TargetAttributes = {
					BF8D96092B5D97EA009E9514 = {
						CreatedOnToolsVersion = 15.2;
					};
				};
			};
			buildConfigurationList = BF8D96052B5D97EA009E9514 /* Build configuration list for PBXProject "Odev6" */;
			compatibilityVersion = "Xcode 14.0";
			developmentRegion = en;
			hasScannedForEncodings = 0;
			knownRegions = (
				en,
				Base,
			);
			mainGroup = BF8D96012B5D97EA009E9514;
			productRefGroup = BF8D960B2B5D97EA009E9514 /* Products */;
			projectDirPath = "";
			projectRoot = "";
			targets = (
				BF8D96092B5D97EA009E9514 /* Odev6 */,
			);
		};
/* End PBXProject section */

/* Begin PBXResourcesBuildPhase section */
		BF8D96082B5D97EA009E9514 /* Resources */ = {
			isa = PBXResourcesBuildPhase;
			buildActionMask = 2147483647;
			files = (
				BF8D961A2B5D97EB009E9514 /* LaunchScreen.storyboard in Resources */,
				BF8D96172B5D97EB009E9514 /* Assets.xcassets in Resources */,
				BF8D96152B5D97EA009E9514 /* Main.storyboard in Resources */,
			);
			runOnlyForDeploymentPostprocessing = 0;
		};
/* End PBXResourcesBuildPhase section */

/* Begin PBXSourcesBuildPhase section */
		BF8D96062B5D97EA009E9514 /* Sources */ = {
			isa = PBXSourcesBuildPhase;
			buildActionMask = 2147483647;
			files = (
				BF8D96122B5D97EA009E9514 /* ViewController.swift in Sources */,
				BF8D96272B5DA1F9009E9514 /* Basliklar.swift in Sources */,
				BF8D960E2B5D97EA009E9514 /* AppDelegate.swift in Sources */,
				BF8D962B2B5DA3C9009E9514 /* BasliklarHucre.swift in Sources */,
				BF8D96292B5DA2B6009E9514 /* DetaySayfa.swift in Sources */,
				BF8D96102B5D97EA009E9514 /* SceneDelegate.swift in Sources */,
			);
			runOnlyForDeploymentPostprocessing = 0;
		};
/* End PBXSourcesBuildPhase section */

/* Begin PBXVariantGroup section */
		BF8D96132B5D97EA009E9514 /* Main.storyboard */ = {
			isa = PBXVariantGroup;
			children = (
				BF8D96142B5D97EA009E9514 /* Base */,
			);
			name = Main.storyboard;
			sourceTree = "<group>";
		};
		BF8D96182B5D97EB009E9514 /* LaunchScreen.storyboard */ = {
			isa = PBXVariantGroup;
			children = (
				BF8D96192B5D97EB009E9514 /* Base */,
			);
			name = LaunchScreen.storyboard;
			sourceTree = "<group>";
		};
/* End PBXVariantGroup section */

/* Begin XCBuildConfiguration section */
		BF8D961C2B5D97EB009E9514 /* Debug */ = {
			isa = XCBuildConfiguration;
			buildSettings = {
				ALWAYS_SEARCH_USER_PATHS = NO;
				ASSETCATALOG_COMPILER_GENERATE_SWIFT_ASSET_SYMBOL_EXTENSIONS = YES;
				CLANG_ANALYZER_NONNULL = YES;
				CLANG_ANALYZER_NUMBER_OBJECT_CONVERSION = YES_AGGRESSIVE;
				CLANG_CXX_LANGUAGE_STANDARD = "gnu++20";
				CLANG_ENABLE_MODULES = YES;
				CLANG_ENABLE_OBJC_ARC = YES;
				CLANG_ENABLE_OBJC_WEAK = YES;
				CLANG_WARN_BLOCK_CAPTURE_AUTORELEASING = YES;
				CLANG_WARN_BOOL_CONVERSION = YES;
				CLANG_WARN_COMMA = YES;
				CLANG_WARN_CONSTANT_CONVERSION = YES;
				CLANG_WARN_DEPRECATED_OBJC_IMPLEMENTATIONS = YES;
				CLANG_WARN_DIRECT_OBJC_ISA_USAGE = YES_ERROR;
				CLANG_WARN_DOCUMENTATION_COMMENTS = YES;
				CLANG_WARN_EMPTY_BODY = YES;
				CLANG_WARN_ENUM_CONVERSION = YES;
				CLANG_WARN_INFINITE_RECURSION = YES;
				CLANG_WARN_INT_CONVERSION = YES;
				CLANG_WARN_NON_LITERAL_NULL_CONVERSION = YES;
				CLANG_WARN_OBJC_IMPLICIT_RETAIN_SELF = YES;
				CLANG_WARN_OBJC_LITERAL_CONVERSION = YES;
				CLANG_WARN_OBJC_ROOT_CLASS = YES_ERROR;
				CLANG_WARN_QUOTED_INCLUDE_IN_FRAMEWORK_HEADER = YES;
				CLANG_WARN_RANGE_LOOP_ANALYSIS = YES;
				CLANG_WARN_STRICT_PROTOTYPES = YES;
				CLANG_WARN_SUSPICIOUS_MOVE = YES;
				CLANG_WARN_UNGUARDED_AVAILABILITY = YES_AGGRESSIVE;
				CLANG_WARN_UNREACHABLE_CODE = YES;
				CLANG_WARN__DUPLICATE_METHOD_MATCH = YES;
				COPY_PHASE_STRIP = NO;
				DEBUG_INFORMATION_FORMAT = dwarf;
				ENABLE_STRICT_OBJC_MSGSEND = YES;
				ENABLE_TESTABILITY = YES;
				ENABLE_USER_SCRIPT_SANDBOXING = YES;
				GCC_C_LANGUAGE_STANDARD = gnu17;
				GCC_DYNAMIC_NO_PIC = NO;
				GCC_NO_COMMON_BLOCKS = YES;
				GCC_OPTIMIZATION_LEVEL = 0;
				GCC_PREPROCESSOR_DEFINITIONS = (
					"DEBUG=1",
					"$(inherited)",
				);
				GCC_WARN_64_TO_32_BIT_CONVERSION = YES;
				GCC_WARN_ABOUT_RETURN_TYPE = YES_ERROR;
				GCC_WARN_UNDECLARED_SELECTOR = YES;
				GCC_WARN_UNINITIALIZED_AUTOS = YES_AGGRESSIVE;
				GCC_WARN_UNUSED_FUNCTION = YES;
				GCC_WARN_UNUSED_VARIABLE = YES;
				IPHONEOS_DEPLOYMENT_TARGET = 17.2;
				LOCALIZATION_PREFERS_STRING_CATALOGS = YES;
				MTL_ENABLE_DEBUG_INFO = INCLUDE_SOURCE;
				MTL_FAST_MATH = YES;
				ONLY_ACTIVE_ARCH = YES;
				SDKROOT = iphoneos;
				SWIFT_ACTIVE_COMPILATION_CONDITIONS = "DEBUG $(inherited)";
				SWIFT_OPTIMIZATION_LEVEL = "-Onone";
			};
			name = Debug;
		};
		BF8D961D2B5D97EB009E9514 /* Release */ = {
			isa = XCBuildConfiguration;
			buildSettings = {
				ALWAYS_SEARCH_USER_PATHS = NO;
				ASSETCATALOG_COMPILER_GENERATE_SWIFT_ASSET_SYMBOL_EXTENSIONS = YES;
				CLANG_ANALYZER_NONNULL = YES;
				CLANG_ANALYZER_NUMBER_OBJECT_CONVERSION = YES_AGGRESSIVE;
				CLANG_CXX_LANGUAGE_STANDARD = "gnu++20";
				CLANG_ENABLE_MODULES = YES;
				CLANG_ENABLE_OBJC_ARC = YES;
				CLANG_ENABLE_OBJC_WEAK = YES;
				CLANG_WARN_BLOCK_CAPTURE_AUTORELEASING = YES;
				CLANG_WARN_BOOL_CONVERSION = YES;
				CLANG_WARN_COMMA = YES;
				CLANG_WARN_CONSTANT_CONVERSION = YES;
				CLANG_WARN_DEPRECATED_OBJC_IMPLEMENTATIONS = YES;
				CLANG_WARN_DIRECT_OBJC_ISA_USAGE = YES_ERROR;
				CLANG_WARN_DOCUMENTATION_COMMENTS = YES;
				CLANG_WARN_EMPTY_BODY = YES;
				CLANG_WARN_ENUM_CONVERSION = YES;
				CLANG_WARN_INFINITE_RECURSION = YES;
				CLANG_WARN_INT_CONVERSION = YES;
				CLANG_WARN_NON_LITERAL_NULL_CONVERSION = YES;
				CLANG_WARN_OBJC_IMPLICIT_RETAIN_SELF = YES;
				CLANG_WARN_OBJC_LITERAL_CONVERSION = YES;
				CLANG_WARN_OBJC_ROOT_CLASS = YES_ERROR;
				CLANG_WARN_QUOTED_INCLUDE_IN_FRAMEWORK_HEADER = YES;
				CLANG_WARN_RANGE_LOOP_ANALYSIS = YES;
				CLANG_WARN_STRICT_PROTOTYPES = YES;
				CLANG_WARN_SUSPICIOUS_MOVE = YES;
				CLANG_WARN_UNGUARDED_AVAILABILITY = YES_AGGRESSIVE;
				CLANG_WARN_UNREACHABLE_CODE = YES;
				CLANG_WARN__DUPLICATE_METHOD_MATCH = YES;
				COPY_PHASE_STRIP = NO;
				DEBUG_INFORMATION_FORMAT = "dwarf-with-dsym";
				ENABLE_NS_ASSERTIONS = NO;
				ENABLE_STRICT_OBJC_MSGSEND = YES;
				ENABLE_USER_SCRIPT_SANDBOXING = YES;
				GCC_C_LANGUAGE_STANDARD = gnu17;
				GCC_NO_COMMON_BLOCKS = YES;
				GCC_WARN_64_TO_32_BIT_CONVERSION = YES;
				GCC_WARN_ABOUT_RETURN_TYPE = YES_ERROR;
				GCC_WARN_UNDECLARED_SELECTOR = YES;
				GCC_WARN_UNINITIALIZED_AUTOS = YES_AGGRESSIVE;
				GCC_WARN_UNUSED_FUNCTION = YES;
				GCC_WARN_UNUSED_VARIABLE = YES;
				IPHONEOS_DEPLOYMENT_TARGET = 17.2;
				LOCALIZATION_PREFERS_STRING_CATALOGS = YES;
				MTL_ENABLE_DEBUG_INFO = NO;
				MTL_FAST_MATH = YES;
				SDKROOT = iphoneos;
				SWIFT_COMPILATION_MODE = wholemodule;
				VALIDATE_PRODUCT = YES;
			};
			name = Release;
		};
		BF8D961F2B5D97EB009E9514 /* Debug */ = {
			isa = XCBuildConfiguration;
			buildSettings = {
				ASSETCATALOG_COMPILER_APPICON_NAME = AppIcon;
				ASSETCATALOG_COMPILER_GLOBAL_ACCENT_COLOR_NAME = AccentColor;
				CODE_SIGN_STYLE = Automatic;
				CURRENT_PROJECT_VERSION = 1;
				DEVELOPMENT_TEAM = MN2C4KUDVN;
				GENERATE_INFOPLIST_FILE = YES;
				INFOPLIST_FILE = Odev6/Info.plist;
				INFOPLIST_KEY_UIApplicationSupportsIndirectInputEvents = YES;
				INFOPLIST_KEY_UILaunchStoryboardName = LaunchScreen;
				INFOPLIST_KEY_UIMainStoryboardFile = Main;
				INFOPLIST_KEY_UISupportedInterfaceOrientations_iPad = "UIInterfaceOrientationPortrait UIInterfaceOrientationPortraitUpsideDown UIInterfaceOrientationLandscapeLeft UIInterfaceOrientationLandscapeRight";
				INFOPLIST_KEY_UISupportedInterfaceOrientations_iPhone = "UIInterfaceOrientationPortrait UIInterfaceOrientationLandscapeLeft UIInterfaceOrientationLandscapeRight";
				LD_RUNPATH_SEARCH_PATHS = (
					"$(inherited)",
					"@executable_path/Frameworks",
				);
				MARKETING_VERSION = 1.0;
				PRODUCT_BUNDLE_IDENTIFIER = com.SpotifyTemplate.Odev6;
				PRODUCT_NAME = "$(TARGET_NAME)";
				SWIFT_EMIT_LOC_STRINGS = YES;
				SWIFT_VERSION = 5.0;
				TARGETED_DEVICE_FAMILY = "1,2";
			};
			name = Debug;
		};
		BF8D96202B5D97EB009E9514 /* Release */ = {
			isa = XCBuildConfiguration;
			buildSettings = {
				ASSETCATALOG_COMPILER_APPICON_NAME = AppIcon;
				ASSETCATALOG_COMPILER_GLOBAL_ACCENT_COLOR_NAME = AccentColor;
				CODE_SIGN_STYLE = Automatic;
				CURRENT_PROJECT_VERSION = 1;
				DEVELOPMENT_TEAM = MN2C4KUDVN;
				GENERATE_INFOPLIST_FILE = YES;
				INFOPLIST_FILE = Odev6/Info.plist;
				INFOPLIST_KEY_UIApplicationSupportsIndirectInputEvents = YES;
				INFOPLIST_KEY_UILaunchStoryboardName = LaunchScreen;
				INFOPLIST_KEY_UIMainStoryboardFile = Main;
				INFOPLIST_KEY_UISupportedInterfaceOrientations_iPad = "UIInterfaceOrientationPortrait UIInterfaceOrientationPortraitUpsideDown UIInterfaceOrientationLandscapeLeft UIInterfaceOrientationLandscapeRight";
				INFOPLIST_KEY_UISupportedInterfaceOrientations_iPhone = "UIInterfaceOrientationPortrait UIInterfaceOrientationLandscapeLeft UIInterfaceOrientationLandscapeRight";
				LD_RUNPATH_SEARCH_PATHS = (
					"$(inherited)",
					"@executable_path/Frameworks",
				);
				MARKETING_VERSION = 1.0;
				PRODUCT_BUNDLE_IDENTIFIER = com.SpotifyTemplate.Odev6;
				PRODUCT_NAME = "$(TARGET_NAME)";
				SWIFT_EMIT_LOC_STRINGS = YES;
				SWIFT_VERSION = 5.0;
				TARGETED_DEVICE_FAMILY = "1,2";
			};
			name = Release;
		};
/* End XCBuildConfiguration section */

/* Begin XCConfigurationList section */
		BF8D96052B5D97EA009E9514 /* Build configuration list for PBXProject "Odev6" */ = {
			isa = XCConfigurationList;
			buildConfigurations = (
				BF8D961C2B5D97EB009E9514 /* Debug */,
				BF8D961D2B5D97EB009E9514 /* Release */,
			);
			defaultConfigurationIsVisible = 0;
			defaultConfigurationName = Release;
		};
		BF8D961E2B5D97EB009E9514 /* Build configuration list for PBXNativeTarget "Odev6" */ = {
			isa = XCConfigurationList;
			buildConfigurations = (
				BF8D961F2B5D97EB009E9514 /* Debug */,
				BF8D96202B5D97EB009E9514 /* Release */,
			);
			defaultConfigurationIsVisible = 0;
			defaultConfigurationName = Release;
		};
/* End XCConfigurationList section */
	};
	rootObject = BF8D96022B5D97EA009E9514 /* Project object */;
}
