// !$*UTF8*$!
{
	archiveVersion = 1;
	classes = {
	};
	objectVersion = 56;
	objects = {

/* Begin PBXBuildFile section */
		BF8D95F02B5D6C16009E9514 /* RxSwift in Frameworks */ = {isa = PBXBuildFile; productRef = BF8D95EF2B5D6C16009E9514 /* RxSwift */; };
		BF8D95F92B5D6C7A009E9514 /* KisilerDaoRepository.swift in Sources */ = {isa = PBXBuildFile; fileRef = BF8D95F82B5D6C7A009E9514 /* KisilerDaoRepository.swift */; };
		BF8D95FC2B5D6CA6009E9514 /* AnasayfaViewModel.swift in Sources */ = {isa = PBXBuildFile; fileRef = BF8D95FB2B5D6CA6009E9514 /* AnasayfaViewModel.swift */; };
		BF8D95FE2B5D6CC0009E9514 /* KisiKayitViewModel.swift in Sources */ = {isa = PBXBuildFile; fileRef = BF8D95FD2B5D6CC0009E9514 /* KisiKayitViewModel.swift */; };
		BF8D96002B5D6CD6009E9514 /* KisiDetayViewModel.swift in Sources */ = {isa = PBXBuildFile; fileRef = BF8D95FF2B5D6CD6009E9514 /* KisiDetayViewModel.swift */; };
		BF9A1EA22B6538B9004411CB /* GoogleService-Info.plist in Resources */ = {isa = PBXBuildFile; fileRef = BF9A1EA12B6538B9004411CB /* GoogleService-Info.plist */; };
		BF9A1EBD2B65394C004411CB /* FirebaseFirestore in Frameworks */ = {isa = PBXBuildFile; productRef = BF9A1EBC2B65394C004411CB /* FirebaseFirestore */; };
		BFA0E51D2B5C11B1007CCD5E /* KisilerHucre.swift in Sources */ = {isa = PBXBuildFile; fileRef = BFA0E51C2B5C11B1007CCD5E /* KisilerHucre.swift */; };
		BFA395CA2B57165B00AC6161 /* AppDelegate.swift in Sources */ = {isa = PBXBuildFile; fileRef = BFA395C92B57165B00AC6161 /* AppDelegate.swift */; };
		BFA395CC2B57165B00AC6161 /* SceneDelegate.swift in Sources */ = {isa = PBXBuildFile; fileRef = BFA395CB2B57165B00AC6161 /* SceneDelegate.swift */; };
		BFA395CE2B57165B00AC6161 /* Anasayfa.swift in Sources */ = {isa = PBXBuildFile; fileRef = BFA395CD2B57165B00AC6161 /* Anasayfa.swift */; };
		BFA395D12B57165B00AC6161 /* Main.storyboard in Resources */ = {isa = PBXBuildFile; fileRef = BFA395CF2B57165B00AC6161 /* Main.storyboard */; };
		BFA395D32B57165C00AC6161 /* Assets.xcassets in Resources */ = {isa = PBXBuildFile; fileRef = BFA395D22B57165C00AC6161 /* Assets.xcassets */; };
		BFA395D62B57165C00AC6161 /* LaunchScreen.storyboard in Resources */ = {isa = PBXBuildFile; fileRef = BFA395D42B57165C00AC6161 /* LaunchScreen.storyboard */; };
		BFA395E22B5716EE00AC6161 /* KisiKayit.swift in Sources */ = {isa = PBXBuildFile; fileRef = BFA395E12B5716EE00AC6161 /* KisiKayit.swift */; };
		BFA395E42B5716FA00AC6161 /* KisiDetay.swift in Sources */ = {isa = PBXBuildFile; fileRef = BFA395E32B5716FA00AC6161 /* KisiDetay.swift */; };
		BFA395E62B57177700AC6161 /* Kisiler.swift in Sources */ = {isa = PBXBuildFile; fileRef = BFA395E52B57177700AC6161 /* Kisiler.swift */; };
/* End PBXBuildFile section */

/* Begin PBXFileReference section */
		BF8D95F82B5D6C7A009E9514 /* KisilerDaoRepository.swift */ = {isa = PBXFileReference; lastKnownFileType = sourcecode.swift; path = KisilerDaoRepository.swift; sourceTree = "<group>"; };
		BF8D95FB2B5D6CA6009E9514 /* AnasayfaViewModel.swift */ = {isa = PBXFileReference; lastKnownFileType = sourcecode.swift; path = AnasayfaViewModel.swift; sourceTree = "<group>"; };
		BF8D95FD2B5D6CC0009E9514 /* KisiKayitViewModel.swift */ = {isa = PBXFileReference; lastKnownFileType = sourcecode.swift; path = KisiKayitViewModel.swift; sourceTree = "<group>"; };
		BF8D95FF2B5D6CD6009E9514 /* KisiDetayViewModel.swift */ = {isa = PBXFileReference; lastKnownFileType = sourcecode.swift; path = KisiDetayViewModel.swift; sourceTree = "<group>"; };
		BF9A1EA12B6538B9004411CB /* GoogleService-Info.plist */ = {isa = PBXFileReference; fileEncoding = 4; lastKnownFileType = text.plist.xml; path = "GoogleService-Info.plist"; sourceTree = "<group>"; };
		BFA0E51C2B5C11B1007CCD5E /* KisilerHucre.swift */ = {isa = PBXFileReference; lastKnownFileType = sourcecode.swift; path = KisilerHucre.swift; sourceTree = "<group>"; };
		BFA395C62B57165B00AC6161 /* KisilerUygulamasi.app */ = {isa = PBXFileReference; explicitFileType = wrapper.application; includeInIndex = 0; path = KisilerUygulamasi.app; sourceTree = BUILT_PRODUCTS_DIR; };
		BFA395C92B57165B00AC6161 /* AppDelegate.swift */ = {isa = PBXFileReference; lastKnownFileType = sourcecode.swift; path = AppDelegate.swift; sourceTree = "<group>"; };
		BFA395CB2B57165B00AC6161 /* SceneDelegate.swift */ = {isa = PBXFileReference; lastKnownFileType = sourcecode.swift; path = SceneDelegate.swift; sourceTree = "<group>"; };
		BFA395CD2B57165B00AC6161 /* Anasayfa.swift */ = {isa = PBXFileReference; lastKnownFileType = sourcecode.swift; path = Anasayfa.swift; sourceTree = "<group>"; };
		BFA395D02B57165B00AC6161 /* Base */ = {isa = PBXFileReference; lastKnownFileType = file.storyboard; name = Base; path = Base.lproj/Main.storyboard; sourceTree = "<group>"; };
		BFA395D22B57165C00AC6161 /* Assets.xcassets */ = {isa = PBXFileReference; lastKnownFileType = folder.assetcatalog; path = Assets.xcassets; sourceTree = "<group>"; };
		BFA395D52B57165C00AC6161 /* Base */ = {isa = PBXFileReference; lastKnownFileType = file.storyboard; name = Base; path = Base.lproj/LaunchScreen.storyboard; sourceTree = "<group>"; };
		BFA395D72B57165C00AC6161 /* Info.plist */ = {isa = PBXFileReference; lastKnownFileType = text.plist.xml; path = Info.plist; sourceTree = "<group>"; };
		BFA395E12B5716EE00AC6161 /* KisiKayit.swift */ = {isa = PBXFileReference; lastKnownFileType = sourcecode.swift; path = KisiKayit.swift; sourceTree = "<group>"; };
		BFA395E32B5716FA00AC6161 /* KisiDetay.swift */ = {isa = PBXFileReference; lastKnownFileType = sourcecode.swift; path = KisiDetay.swift; sourceTree = "<group>"; };
		BFA395E52B57177700AC6161 /* Kisiler.swift */ = {isa = PBXFileReference; lastKnownFileType = sourcecode.swift; path = Kisiler.swift; sourceTree = "<group>"; };
/* End PBXFileReference section */

/* Begin PBXFrameworksBuildPhase section */
		BFA395C32B57165B00AC6161 /* Frameworks */ = {
			isa = PBXFrameworksBuildPhase;
			buildActionMask = 2147483647;
			files = (
				BF8D95F02B5D6C16009E9514 /* RxSwift in Frameworks */,
				BF9A1EBD2B65394C004411CB /* FirebaseFirestore in Frameworks */,
			);
			runOnlyForDeploymentPostprocessing = 0;
		};
/* End PBXFrameworksBuildPhase section */

/* Begin PBXGroup section */
		BF8D95F72B5D6C55009E9514 /* repo */ = {
			isa = PBXGroup;
			children = (
				BF8D95F82B5D6C7A009E9514 /* KisilerDaoRepository.swift */,
			);
			path = repo;
			sourceTree = "<group>";
		};
		BF8D95FA2B5D6C93009E9514 /* viewmodel */ = {
			isa = PBXGroup;
			children = (
				BF8D95FB2B5D6CA6009E9514 /* AnasayfaViewModel.swift */,
				BF8D95FD2B5D6CC0009E9514 /* KisiKayitViewModel.swift */,
				BF8D95FF2B5D6CD6009E9514 /* KisiDetayViewModel.swift */,
			);
			path = viewmodel;
			sourceTree = "<group>";
		};
		BFA0E51B2B5C118E007CCD5E /* tableview */ = {
			isa = PBXGroup;
			children = (
				BFA0E51C2B5C11B1007CCD5E /* KisilerHucre.swift */,
			);
			path = tableview;
			sourceTree = "<group>";
		};
		BFA395BD2B57165B00AC6161 = {
			isa = PBXGroup;
			children = (
				BFA395C82B57165B00AC6161 /* KisilerUygulamasi */,
				BFA395C72B57165B00AC6161 /* Products */,
			);
			sourceTree = "<group>";
		};
		BFA395C72B57165B00AC6161 /* Products */ = {
			isa = PBXGroup;
			children = (
				BFA395C62B57165B00AC6161 /* KisilerUygulamasi.app */,
			);
			name = Products;
			sourceTree = "<group>";
		};
		BFA395C82B57165B00AC6161 /* KisilerUygulamasi */ = {
			isa = PBXGroup;
			children = (
				BFA395C92B57165B00AC6161 /* AppDelegate.swift */,
				BFA395CB2B57165B00AC6161 /* SceneDelegate.swift */,
				BFA395DE2B57169900AC6161 /* ui */,
				BFA395DD2B57169100AC6161 /* data */,
				BFA395CF2B57165B00AC6161 /* Main.storyboard */,
				BFA395D22B57165C00AC6161 /* Assets.xcassets */,
				BFA395D42B57165C00AC6161 /* LaunchScreen.storyboard */,
				BFA395D72B57165C00AC6161 /* Info.plist */,
				BF9A1EA12B6538B9004411CB /* GoogleService-Info.plist */,
			);
			path = KisilerUygulamasi;
			sourceTree = "<group>";
		};
		BFA395DD2B57169100AC6161 /* data */ = {
			isa = PBXGroup;
			children = (
				BF8D95F72B5D6C55009E9514 /* repo */,
				BFA395DF2B5716B700AC6161 /* entity */,
			);
			path = data;
			sourceTree = "<group>";
		};
		BFA395DE2B57169900AC6161 /* ui */ = {
			isa = PBXGroup;
			children = (
				BF8D95FA2B5D6C93009E9514 /* viewmodel */,
				BFA0E51B2B5C118E007CCD5E /* tableview */,
				BFA395E02B5716C300AC6161 /* views */,
			);
			path = ui;
			sourceTree = "<group>";
		};
		BFA395DF2B5716B700AC6161 /* entity */ = {
			isa = PBXGroup;
			children = (
				BFA395E52B57177700AC6161 /* Kisiler.swift */,
			);
			path = entity;
			sourceTree = "<group>";
		};
		BFA395E02B5716C300AC6161 /* views */ = {
			isa = PBXGroup;
			children = (
				BFA395CD2B57165B00AC6161 /* Anasayfa.swift */,
				BFA395E12B5716EE00AC6161 /* KisiKayit.swift */,
				BFA395E32B5716FA00AC6161 /* KisiDetay.swift */,
			);
			path = views;
			sourceTree = "<group>";
		};
/* End PBXGroup section */

/* Begin PBXNativeTarget section */
		BFA395C52B57165B00AC6161 /* KisilerUygulamasi */ = {
			isa = PBXNativeTarget;
			buildConfigurationList = BFA395DA2B57165C00AC6161 /* Build configuration list for PBXNativeTarget "KisilerUygulamasi" */;
			buildPhases = (
				BFA395C22B57165B00AC6161 /* Sources */,
				BFA395C32B57165B00AC6161 /* Frameworks */,
				BFA395C42B57165B00AC6161 /* Resources */,
			);
			buildRules = (
			);
			dependencies = (
			);
			name = KisilerUygulamasi;
			packageProductDependencies = (
				BF8D95EF2B5D6C16009E9514 /* RxSwift */,
				BF9A1EBC2B65394C004411CB /* FirebaseFirestore */,
			);
			productName = KisilerUygulamasi;
			productReference = BFA395C62B57165B00AC6161 /* KisilerUygulamasi.app */;
			productType = "com.apple.product-type.application";
		};
/* End PBXNativeTarget section */

/* Begin PBXProject section */
		BFA395BE2B57165B00AC6161 /* Project object */ = {
			isa = PBXProject;
			attributes = {
				BuildIndependentTargetsInParallel = 1;
				LastSwiftUpdateCheck = 1520;
				LastUpgradeCheck = 1520;
				TargetAttributes = {
					BFA395C52B57165B00AC6161 = {
						CreatedOnToolsVersion = 15.2;
					};
				};
			};
			buildConfigurationList = BFA395C12B57165B00AC6161 /* Build configuration list for PBXProject "KisilerUygulamasi" */;
			compatibilityVersion = "Xcode 14.0";
			developmentRegion = en;
			hasScannedForEncodings = 0;
			knownRegions = (
				en,
				Base,
			);
			mainGroup = BFA395BD2B57165B00AC6161;
			packageReferences = (
				BF8D95E22B5D6C16009E9514 /* XCRemoteSwiftPackageReference "RxSwift" */,
				BF9A1EA32B65394C004411CB /* XCRemoteSwiftPackageReference "firebase-ios-sdk" */,
			);
			productRefGroup = BFA395C72B57165B00AC6161 /* Products */;
			projectDirPath = "";
			projectRoot = "";
			targets = (
				BFA395C52B57165B00AC6161 /* KisilerUygulamasi */,
			);
		};
/* End PBXProject section */

/* Begin PBXResourcesBuildPhase section */
		BFA395C42B57165B00AC6161 /* Resources */ = {
			isa = PBXResourcesBuildPhase;
			buildActionMask = 2147483647;
			files = (
				BFA395D62B57165C00AC6161 /* LaunchScreen.storyboard in Resources */,
				BF9A1EA22B6538B9004411CB /* GoogleService-Info.plist in Resources */,
				BFA395D32B57165C00AC6161 /* Assets.xcassets in Resources */,
				BFA395D12B57165B00AC6161 /* Main.storyboard in Resources */,
			);
			runOnlyForDeploymentPostprocessing = 0;
		};
/* End PBXResourcesBuildPhase section */

/* Begin PBXSourcesBuildPhase section */
		BFA395C22B57165B00AC6161 /* Sources */ = {
			isa = PBXSourcesBuildPhase;
			buildActionMask = 2147483647;
			files = (
				BFA395E22B5716EE00AC6161 /* KisiKayit.swift in Sources */,
				BFA0E51D2B5C11B1007CCD5E /* KisilerHucre.swift in Sources */,
				BFA395E42B5716FA00AC6161 /* KisiDetay.swift in Sources */,
				BFA395CE2B57165B00AC6161 /* Anasayfa.swift in Sources */,
				BF8D95F92B5D6C7A009E9514 /* KisilerDaoRepository.swift in Sources */,
				BF8D95FE2B5D6CC0009E9514 /* KisiKayitViewModel.swift in Sources */,
				BF8D96002B5D6CD6009E9514 /* KisiDetayViewModel.swift in Sources */,
				BF8D95FC2B5D6CA6009E9514 /* AnasayfaViewModel.swift in Sources */,
				BFA395CA2B57165B00AC6161 /* AppDelegate.swift in Sources */,
				BFA395CC2B57165B00AC6161 /* SceneDelegate.swift in Sources */,
				BFA395E62B57177700AC6161 /* Kisiler.swift in Sources */,
			);
			runOnlyForDeploymentPostprocessing = 0;
		};
/* End PBXSourcesBuildPhase section */

/* Begin PBXVariantGroup section */
		BFA395CF2B57165B00AC6161 /* Main.storyboard */ = {
			isa = PBXVariantGroup;
			children = (
				BFA395D02B57165B00AC6161 /* Base */,
			);
			name = Main.storyboard;
			sourceTree = "<group>";
		};
		BFA395D42B57165C00AC6161 /* LaunchScreen.storyboard */ = {
			isa = PBXVariantGroup;
			children = (
				BFA395D52B57165C00AC6161 /* Base */,
			);
			name = LaunchScreen.storyboard;
			sourceTree = "<group>";
		};
/* End PBXVariantGroup section */

/* Begin XCBuildConfiguration section */
		BFA395D82B57165C00AC6161 /* Debug */ = {
			isa = XCBuildConfiguration;
			buildSettings = {
				ALWAYS_SEARCH_USER_PATHS = NO;
				ASSETCATALOG_COMPILER_GENERATE_SWIFT_ASSET_SYMBOL_EXTENSIONS = YES;
				CLANG_ANALYZER_NONNULL = YES;
				CLANG_ANALYZER_NUMBER_OBJECT_CONVERSION = YES_AGGRESSIVE;
				CLANG_CXX_LANGUAGE_STANDARD = "gnu++20";
				CLANG_ENABLE_MODULES = YES;
				CLANG_ENABLE_OBJC_ARC = YES;
				CLANG_ENABLE_OBJC_WEAK = YES;
				CLANG_WARN_BLOCK_CAPTURE_AUTORELEASING = YES;
				CLANG_WARN_BOOL_CONVERSION = YES;
				CLANG_WARN_COMMA = YES;
				CLANG_WARN_CONSTANT_CONVERSION = YES;
				CLANG_WARN_DEPRECATED_OBJC_IMPLEMENTATIONS = YES;
				CLANG_WARN_DIRECT_OBJC_ISA_USAGE = YES_ERROR;
				CLANG_WARN_DOCUMENTATION_COMMENTS = YES;
				CLANG_WARN_EMPTY_BODY = YES;
				CLANG_WARN_ENUM_CONVERSION = YES;
				CLANG_WARN_INFINITE_RECURSION = YES;
				CLANG_WARN_INT_CONVERSION = YES;
				CLANG_WARN_NON_LITERAL_NULL_CONVERSION = YES;
				CLANG_WARN_OBJC_IMPLICIT_RETAIN_SELF = YES;
				CLANG_WARN_OBJC_LITERAL_CONVERSION = YES;
				CLANG_WARN_OBJC_ROOT_CLASS = YES_ERROR;
				CLANG_WARN_QUOTED_INCLUDE_IN_FRAMEWORK_HEADER = YES;
				CLANG_WARN_RANGE_LOOP_ANALYSIS = YES;
				CLANG_WARN_STRICT_PROTOTYPES = YES;
				CLANG_WARN_SUSPICIOUS_MOVE = YES;
				CLANG_WARN_UNGUARDED_AVAILABILITY = YES_AGGRESSIVE;
				CLANG_WARN_UNREACHABLE_CODE = YES;
				CLANG_WARN__DUPLICATE_METHOD_MATCH = YES;
				COPY_PHASE_STRIP = NO;
				DEBUG_INFORMATION_FORMAT = dwarf;
				ENABLE_STRICT_OBJC_MSGSEND = YES;
				ENABLE_TESTABILITY = YES;
				ENABLE_USER_SCRIPT_SANDBOXING = YES;
				GCC_C_LANGUAGE_STANDARD = gnu17;
				GCC_DYNAMIC_NO_PIC = NO;
				GCC_NO_COMMON_BLOCKS = YES;
				GCC_OPTIMIZATION_LEVEL = 0;
				GCC_PREPROCESSOR_DEFINITIONS = (
					"DEBUG=1",
					"$(inherited)",
				);
				GCC_WARN_64_TO_32_BIT_CONVERSION = YES;
				GCC_WARN_ABOUT_RETURN_TYPE = YES_ERROR;
				GCC_WARN_UNDECLARED_SELECTOR = YES;
				GCC_WARN_UNINITIALIZED_AUTOS = YES_AGGRESSIVE;
				GCC_WARN_UNUSED_FUNCTION = YES;
				GCC_WARN_UNUSED_VARIABLE = YES;
				IPHONEOS_DEPLOYMENT_TARGET = 17.2;
				LOCALIZATION_PREFERS_STRING_CATALOGS = YES;
				MTL_ENABLE_DEBUG_INFO = INCLUDE_SOURCE;
				MTL_FAST_MATH = YES;
				ONLY_ACTIVE_ARCH = YES;
				SDKROOT = iphoneos;
				SWIFT_ACTIVE_COMPILATION_CONDITIONS = "DEBUG $(inherited)";
				SWIFT_OPTIMIZATION_LEVEL = "-Onone";
			};
			name = Debug;
		};
		BFA395D92B57165C00AC6161 /* Release */ = {
			isa = XCBuildConfiguration;
			buildSettings = {
				ALWAYS_SEARCH_USER_PATHS = NO;
				ASSETCATALOG_COMPILER_GENERATE_SWIFT_ASSET_SYMBOL_EXTENSIONS = YES;
				CLANG_ANALYZER_NONNULL = YES;
				CLANG_ANALYZER_NUMBER_OBJECT_CONVERSION = YES_AGGRESSIVE;
				CLANG_CXX_LANGUAGE_STANDARD = "gnu++20";
				CLANG_ENABLE_MODULES = YES;
				CLANG_ENABLE_OBJC_ARC = YES;
				CLANG_ENABLE_OBJC_WEAK = YES;
				CLANG_WARN_BLOCK_CAPTURE_AUTORELEASING = YES;
				CLANG_WARN_BOOL_CONVERSION = YES;
				CLANG_WARN_COMMA = YES;
				CLANG_WARN_CONSTANT_CONVERSION = YES;
				CLANG_WARN_DEPRECATED_OBJC_IMPLEMENTATIONS = YES;
				CLANG_WARN_DIRECT_OBJC_ISA_USAGE = YES_ERROR;
				CLANG_WARN_DOCUMENTATION_COMMENTS = YES;
				CLANG_WARN_EMPTY_BODY = YES;
				CLANG_WARN_ENUM_CONVERSION = YES;
				CLANG_WARN_INFINITE_RECURSION = YES;
				CLANG_WARN_INT_CONVERSION = YES;
				CLANG_WARN_NON_LITERAL_NULL_CONVERSION = YES;
				CLANG_WARN_OBJC_IMPLICIT_RETAIN_SELF = YES;
				CLANG_WARN_OBJC_LITERAL_CONVERSION = YES;
				CLANG_WARN_OBJC_ROOT_CLASS = YES_ERROR;
				CLANG_WARN_QUOTED_INCLUDE_IN_FRAMEWORK_HEADER = YES;
				CLANG_WARN_RANGE_LOOP_ANALYSIS = YES;
				CLANG_WARN_STRICT_PROTOTYPES = YES;
				CLANG_WARN_SUSPICIOUS_MOVE = YES;
				CLANG_WARN_UNGUARDED_AVAILABILITY = YES_AGGRESSIVE;
				CLANG_WARN_UNREACHABLE_CODE = YES;
				CLANG_WARN__DUPLICATE_METHOD_MATCH = YES;
				COPY_PHASE_STRIP = NO;
				DEBUG_INFORMATION_FORMAT = "dwarf-with-dsym";
				ENABLE_NS_ASSERTIONS = NO;
				ENABLE_STRICT_OBJC_MSGSEND = YES;
				ENABLE_USER_SCRIPT_SANDBOXING = YES;
				GCC_C_LANGUAGE_STANDARD = gnu17;
				GCC_NO_COMMON_BLOCKS = YES;
				GCC_WARN_64_TO_32_BIT_CONVERSION = YES;
				GCC_WARN_ABOUT_RETURN_TYPE = YES_ERROR;
				GCC_WARN_UNDECLARED_SELECTOR = YES;
				GCC_WARN_UNINITIALIZED_AUTOS = YES_AGGRESSIVE;
				GCC_WARN_UNUSED_FUNCTION = YES;
				GCC_WARN_UNUSED_VARIABLE = YES;
				IPHONEOS_DEPLOYMENT_TARGET = 17.2;
				LOCALIZATION_PREFERS_STRING_CATALOGS = YES;
				MTL_ENABLE_DEBUG_INFO = NO;
				MTL_FAST_MATH = YES;
				SDKROOT = iphoneos;
				SWIFT_COMPILATION_MODE = wholemodule;
				VALIDATE_PRODUCT = YES;
			};
			name = Release;
		};
		BFA395DB2B57165C00AC6161 /* Debug */ = {
			isa = XCBuildConfiguration;
			buildSettings = {
				ASSETCATALOG_COMPILER_APPICON_NAME = AppIcon;
				ASSETCATALOG_COMPILER_GLOBAL_ACCENT_COLOR_NAME = AccentColor;
				CODE_SIGN_STYLE = Automatic;
				CURRENT_PROJECT_VERSION = 1;
				DEVELOPMENT_TEAM = MN2C4KUDVN;
				GENERATE_INFOPLIST_FILE = YES;
				INFOPLIST_FILE = KisilerUygulamasi/Info.plist;
				INFOPLIST_KEY_UIApplicationSupportsIndirectInputEvents = YES;
				INFOPLIST_KEY_UILaunchStoryboardName = LaunchScreen;
				INFOPLIST_KEY_UIMainStoryboardFile = Main;
				INFOPLIST_KEY_UISupportedInterfaceOrientations_iPad = "UIInterfaceOrientationPortrait UIInterfaceOrientationPortraitUpsideDown UIInterfaceOrientationLandscapeLeft UIInterfaceOrientationLandscapeRight";
				INFOPLIST_KEY_UISupportedInterfaceOrientations_iPhone = "UIInterfaceOrientationPortrait UIInterfaceOrientationLandscapeLeft UIInterfaceOrientationLandscapeRight";
				LD_RUNPATH_SEARCH_PATHS = (
					"$(inherited)",
					"@executable_path/Frameworks",
				);
				MARKETING_VERSION = 1.0;
				PRODUCT_BUNDLE_IDENTIFIER = com.SpotifyTemplate.KisilerUygulamasi;
				PRODUCT_NAME = "$(TARGET_NAME)";
				SWIFT_EMIT_LOC_STRINGS = YES;
				SWIFT_VERSION = 5.0;
				TARGETED_DEVICE_FAMILY = "1,2";
			};
			name = Debug;
		};
		BFA395DC2B57165C00AC6161 /* Release */ = {
			isa = XCBuildConfiguration;
			buildSettings = {
				ASSETCATALOG_COMPILER_APPICON_NAME = AppIcon;
				ASSETCATALOG_COMPILER_GLOBAL_ACCENT_COLOR_NAME = AccentColor;
				CODE_SIGN_STYLE = Automatic;
				CURRENT_PROJECT_VERSION = 1;
				DEVELOPMENT_TEAM = MN2C4KUDVN;
				GENERATE_INFOPLIST_FILE = YES;
				INFOPLIST_FILE = KisilerUygulamasi/Info.plist;
				INFOPLIST_KEY_UIApplicationSupportsIndirectInputEvents = YES;
				INFOPLIST_KEY_UILaunchStoryboardName = LaunchScreen;
				INFOPLIST_KEY_UIMainStoryboardFile = Main;
				INFOPLIST_KEY_UISupportedInterfaceOrientations_iPad = "UIInterfaceOrientationPortrait UIInterfaceOrientationPortraitUpsideDown UIInterfaceOrientationLandscapeLeft UIInterfaceOrientationLandscapeRight";
				INFOPLIST_KEY_UISupportedInterfaceOrientations_iPhone = "UIInterfaceOrientationPortrait UIInterfaceOrientationLandscapeLeft UIInterfaceOrientationLandscapeRight";
				LD_RUNPATH_SEARCH_PATHS = (
					"$(inherited)",
					"@executable_path/Frameworks",
				);
				MARKETING_VERSION = 1.0;
				PRODUCT_BUNDLE_IDENTIFIER = com.SpotifyTemplate.KisilerUygulamasi;
				PRODUCT_NAME = "$(TARGET_NAME)";
				SWIFT_EMIT_LOC_STRINGS = YES;
				SWIFT_VERSION = 5.0;
				TARGETED_DEVICE_FAMILY = "1,2";
			};
			name = Release;
		};
/* End XCBuildConfiguration section */

/* Begin XCConfigurationList section */
		BFA395C12B57165B00AC6161 /* Build configuration list for PBXProject "KisilerUygulamasi" */ = {
			isa = XCConfigurationList;
			buildConfigurations = (
				BFA395D82B57165C00AC6161 /* Debug */,
				BFA395D92B57165C00AC6161 /* Release */,
			);
			defaultConfigurationIsVisible = 0;
			defaultConfigurationName = Release;
		};
		BFA395DA2B57165C00AC6161 /* Build configuration list for PBXNativeTarget "KisilerUygulamasi" */ = {
			isa = XCConfigurationList;
			buildConfigurations = (
				BFA395DB2B57165C00AC6161 /* Debug */,
				BFA395DC2B57165C00AC6161 /* Release */,
			);
			defaultConfigurationIsVisible = 0;
			defaultConfigurationName = Release;
		};
/* End XCConfigurationList section */

/* Begin XCRemoteSwiftPackageReference section */
		BF8D95E22B5D6C16009E9514 /* XCRemoteSwiftPackageReference "RxSwift" */ = {
			isa = XCRemoteSwiftPackageReference;
			repositoryURL = "https://github.com/ReactiveX/RxSwift.git";
			requirement = {
				kind = upToNextMajorVersion;
				minimumVersion = 6.6.0;
			};
		};
		BF9A1EA32B65394C004411CB /* XCRemoteSwiftPackageReference "firebase-ios-sdk" */ = {
			isa = XCRemoteSwiftPackageReference;
			repositoryURL = "https://github.com/firebase/firebase-ios-sdk";
			requirement = {
				kind = upToNextMajorVersion;
				minimumVersion = 10.20.0;
			};
		};
/* End XCRemoteSwiftPackageReference section */

/* Begin XCSwiftPackageProductDependency section */
		BF8D95EF2B5D6C16009E9514 /* RxSwift */ = {
			isa = XCSwiftPackageProductDependency;
			package = BF8D95E22B5D6C16009E9514 /* XCRemoteSwiftPackageReference "RxSwift" */;
			productName = RxSwift;
		};
		BF9A1EBC2B65394C004411CB /* FirebaseFirestore */ = {
			isa = XCSwiftPackageProductDependency;
			package = BF9A1EA32B65394C004411CB /* XCRemoteSwiftPackageReference "firebase-ios-sdk" */;
			productName = FirebaseFirestore;
		};
/* End XCSwiftPackageProductDependency section */
	};
	rootObject = BFA395BE2B57165B00AC6161 /* Project object */;
}
