// !$*UTF8*$!
{
	archiveVersion = 1;
	classes = {
	};
	objectVersion = 56;
	objects = {

/* Begin PBXBuildFile section */
		BF8D95AB2B5D600D009E9514 /* AppDelegate.swift in Sources */ = {isa = PBXBuildFile; fileRef = BF8D95AA2B5D600D009E9514 /* AppDelegate.swift */; };
		BF8D95AD2B5D600D009E9514 /* SceneDelegate.swift in Sources */ = {isa = PBXBuildFile; fileRef = BF8D95AC2B5D600D009E9514 /* SceneDelegate.swift */; };
		BF8D95AF2B5D600D009E9514 /* ViewController.swift in Sources */ = {isa = PBXBuildFile; fileRef = BF8D95AE2B5D600D009E9514 /* ViewController.swift */; };
		BF8D95B22B5D600D009E9514 /* Main.storyboard in Resources */ = {isa = PBXBuildFile; fileRef = BF8D95B02B5D600D009E9514 /* Main.storyboard */; };
		BF8D95B42B5D600E009E9514 /* Assets.xcassets in Resources */ = {isa = PBXBuildFile; fileRef = BF8D95B32B5D600E009E9514 /* Assets.xcassets */; };
		BF8D95B72B5D600E009E9514 /* LaunchScreen.storyboard in Resources */ = {isa = PBXBuildFile; fileRef = BF8D95B52B5D600E009E9514 /* LaunchScreen.storyboard */; };
		BF8D95BF2B5D6341009E9514 /* AnasayfaViewModel.swift in Sources */ = {isa = PBXBuildFile; fileRef = BF8D95BE2B5D6341009E9514 /* AnasayfaViewModel.swift */; };
		BF8D95CE2B5D6543009E9514 /* RxSwift in Frameworks */ = {isa = PBXBuildFile; productRef = BF8D95CD2B5D6543009E9514 /* RxSwift */; };
		BF8D95D62B5D68E3009E9514 /* MatematikRepository.swift in Sources */ = {isa = PBXBuildFile; fileRef = BF8D95D52B5D68E3009E9514 /* MatematikRepository.swift */; };
/* End PBXBuildFile section */

/* Begin PBXFileReference section */
		BF8D95A72B5D600D009E9514 /* MVVMKullanimi.app */ = {isa = PBXFileReference; explicitFileType = wrapper.application; includeInIndex = 0; path = MVVMKullanimi.app; sourceTree = BUILT_PRODUCTS_DIR; };
		BF8D95AA2B5D600D009E9514 /* AppDelegate.swift */ = {isa = PBXFileReference; lastKnownFileType = sourcecode.swift; path = AppDelegate.swift; sourceTree = "<group>"; };
		BF8D95AC2B5D600D009E9514 /* SceneDelegate.swift */ = {isa = PBXFileReference; lastKnownFileType = sourcecode.swift; path = SceneDelegate.swift; sourceTree = "<group>"; };
		BF8D95AE2B5D600D009E9514 /* ViewController.swift */ = {isa = PBXFileReference; lastKnownFileType = sourcecode.swift; path = ViewController.swift; sourceTree = "<group>"; };
		BF8D95B12B5D600D009E9514 /* Base */ = {isa = PBXFileReference; lastKnownFileType = file.storyboard; name = Base; path = Base.lproj/Main.storyboard; sourceTree = "<group>"; };
		BF8D95B32B5D600E009E9514 /* Assets.xcassets */ = {isa = PBXFileReference; lastKnownFileType = folder.assetcatalog; path = Assets.xcassets; sourceTree = "<group>"; };
		BF8D95B62B5D600E009E9514 /* Base */ = {isa = PBXFileReference; lastKnownFileType = file.storyboard; name = Base; path = Base.lproj/LaunchScreen.storyboard; sourceTree = "<group>"; };
		BF8D95B82B5D600E009E9514 /* Info.plist */ = {isa = PBXFileReference; lastKnownFileType = text.plist.xml; path = Info.plist; sourceTree = "<group>"; };
		BF8D95BE2B5D6341009E9514 /* AnasayfaViewModel.swift */ = {isa = PBXFileReference; lastKnownFileType = sourcecode.swift; path = AnasayfaViewModel.swift; sourceTree = "<group>"; };
		BF8D95D52B5D68E3009E9514 /* MatematikRepository.swift */ = {isa = PBXFileReference; lastKnownFileType = sourcecode.swift; path = MatematikRepository.swift; sourceTree = "<group>"; };
/* End PBXFileReference section */

/* Begin PBXFrameworksBuildPhase section */
		BF8D95A42B5D600D009E9514 /* Frameworks */ = {
			isa = PBXFrameworksBuildPhase;
			buildActionMask = 2147483647;
			files = (
				BF8D95CE2B5D6543009E9514 /* RxSwift in Frameworks */,
			);
			runOnlyForDeploymentPostprocessing = 0;
		};
/* End PBXFrameworksBuildPhase section */

/* Begin PBXGroup section */
		BF8D959E2B5D600D009E9514 = {
			isa = PBXGroup;
			children = (
				BF8D95A92B5D600D009E9514 /* MVVMKullanimi */,
				BF8D95A82B5D600D009E9514 /* Products */,
			);
			sourceTree = "<group>";
		};
		BF8D95A82B5D600D009E9514 /* Products */ = {
			isa = PBXGroup;
			children = (
				BF8D95A72B5D600D009E9514 /* MVVMKullanimi.app */,
			);
			name = Products;
			sourceTree = "<group>";
		};
		BF8D95A92B5D600D009E9514 /* MVVMKullanimi */ = {
			isa = PBXGroup;
			children = (
				BF8D95AA2B5D600D009E9514 /* AppDelegate.swift */,
				BF8D95AC2B5D600D009E9514 /* SceneDelegate.swift */,
				BF8D95AE2B5D600D009E9514 /* ViewController.swift */,
				BF8D95BE2B5D6341009E9514 /* AnasayfaViewModel.swift */,
				BF8D95D52B5D68E3009E9514 /* MatematikRepository.swift */,
				BF8D95B02B5D600D009E9514 /* Main.storyboard */,
				BF8D95B32B5D600E009E9514 /* Assets.xcassets */,
				BF8D95B52B5D600E009E9514 /* LaunchScreen.storyboard */,
				BF8D95B82B5D600E009E9514 /* Info.plist */,
			);
			path = MVVMKullanimi;
			sourceTree = "<group>";
		};
/* End PBXGroup section */

/* Begin PBXNativeTarget section */
		BF8D95A62B5D600D009E9514 /* MVVMKullanimi */ = {
			isa = PBXNativeTarget;
			buildConfigurationList = BF8D95BB2B5D600E009E9514 /* Build configuration list for PBXNativeTarget "MVVMKullanimi" */;
			buildPhases = (
				BF8D95A32B5D600D009E9514 /* Sources */,
				BF8D95A42B5D600D009E9514 /* Frameworks */,
				BF8D95A52B5D600D009E9514 /* Resources */,
			);
			buildRules = (
			);
			dependencies = (
			);
			name = MVVMKullanimi;
			packageProductDependencies = (
				BF8D95CD2B5D6543009E9514 /* RxSwift */,
			);
			productName = MVVMKullanimi;
			productReference = BF8D95A72B5D600D009E9514 /* MVVMKullanimi.app */;
			productType = "com.apple.product-type.application";
		};
/* End PBXNativeTarget section */

/* Begin PBXProject section */
		BF8D959F2B5D600D009E9514 /* Project object */ = {
			isa = PBXProject;
			attributes = {
				BuildIndependentTargetsInParallel = 1;
				LastSwiftUpdateCheck = 1520;
				LastUpgradeCheck = 1520;
				TargetAttributes = {
					BF8D95A62B5D600D009E9514 = {
						CreatedOnToolsVersion = 15.2;
					};
				};
			};
			buildConfigurationList = BF8D95A22B5D600D009E9514 /* Build configuration list for PBXProject "MVVMKullanimi" */;
			compatibilityVersion = "Xcode 14.0";
			developmentRegion = en;
			hasScannedForEncodings = 0;
			knownRegions = (
				en,
				Base,
			);
			mainGroup = BF8D959E2B5D600D009E9514;
			packageReferences = (
				BF8D95C02B5D6543009E9514 /* XCRemoteSwiftPackageReference "RxSwift" */,
			);
			productRefGroup = BF8D95A82B5D600D009E9514 /* Products */;
			projectDirPath = "";
			projectRoot = "";
			targets = (
				BF8D95A62B5D600D009E9514 /* MVVMKullanimi */,
			);
		};
/* End PBXProject section */

/* Begin PBXResourcesBuildPhase section */
		BF8D95A52B5D600D009E9514 /* Resources */ = {
			isa = PBXResourcesBuildPhase;
			buildActionMask = 2147483647;
			files = (
				BF8D95B72B5D600E009E9514 /* LaunchScreen.storyboard in Resources */,
				BF8D95B42B5D600E009E9514 /* Assets.xcassets in Resources */,
				BF8D95B22B5D600D009E9514 /* Main.storyboard in Resources */,
			);
			runOnlyForDeploymentPostprocessing = 0;
		};
/* End PBXResourcesBuildPhase section */

/* Begin PBXSourcesBuildPhase section */
		BF8D95A32B5D600D009E9514 /* Sources */ = {
			isa = PBXSourcesBuildPhase;
			buildActionMask = 2147483647;
			files = (
				BF8D95AF2B5D600D009E9514 /* ViewController.swift in Sources */,
				BF8D95AB2B5D600D009E9514 /* AppDelegate.swift in Sources */,
				BF8D95BF2B5D6341009E9514 /* AnasayfaViewModel.swift in Sources */,
				BF8D95AD2B5D600D009E9514 /* SceneDelegate.swift in Sources */,
				BF8D95D62B5D68E3009E9514 /* MatematikRepository.swift in Sources */,
			);
			runOnlyForDeploymentPostprocessing = 0;
		};
/* End PBXSourcesBuildPhase section */

/* Begin PBXVariantGroup section */
		BF8D95B02B5D600D009E9514 /* Main.storyboard */ = {
			isa = PBXVariantGroup;
			children = (
				BF8D95B12B5D600D009E9514 /* Base */,
			);
			name = Main.storyboard;
			sourceTree = "<group>";
		};
		BF8D95B52B5D600E009E9514 /* LaunchScreen.storyboard */ = {
			isa = PBXVariantGroup;
			children = (
				BF8D95B62B5D600E009E9514 /* Base */,
			);
			name = LaunchScreen.storyboard;
			sourceTree = "<group>";
		};
/* End PBXVariantGroup section */

/* Begin XCBuildConfiguration section */
		BF8D95B92B5D600E009E9514 /* Debug */ = {
			isa = XCBuildConfiguration;
			buildSettings = {
				ALWAYS_SEARCH_USER_PATHS = NO;
				ASSETCATALOG_COMPILER_GENERATE_SWIFT_ASSET_SYMBOL_EXTENSIONS = YES;
				CLANG_ANALYZER_NONNULL = YES;
				CLANG_ANALYZER_NUMBER_OBJECT_CONVERSION = YES_AGGRESSIVE;
				CLANG_CXX_LANGUAGE_STANDARD = "gnu++20";
				CLANG_ENABLE_MODULES = YES;
				CLANG_ENABLE_OBJC_ARC = YES;
				CLANG_ENABLE_OBJC_WEAK = YES;
				CLANG_WARN_BLOCK_CAPTURE_AUTORELEASING = YES;
				CLANG_WARN_BOOL_CONVERSION = YES;
				CLANG_WARN_COMMA = YES;
				CLANG_WARN_CONSTANT_CONVERSION = YES;
				CLANG_WARN_DEPRECATED_OBJC_IMPLEMENTATIONS = YES;
				CLANG_WARN_DIRECT_OBJC_ISA_USAGE = YES_ERROR;
				CLANG_WARN_DOCUMENTATION_COMMENTS = YES;
				CLANG_WARN_EMPTY_BODY = YES;
				CLANG_WARN_ENUM_CONVERSION = YES;
				CLANG_WARN_INFINITE_RECURSION = YES;
				CLANG_WARN_INT_CONVERSION = YES;
				CLANG_WARN_NON_LITERAL_NULL_CONVERSION = YES;
				CLANG_WARN_OBJC_IMPLICIT_RETAIN_SELF = YES;
				CLANG_WARN_OBJC_LITERAL_CONVERSION = YES;
				CLANG_WARN_OBJC_ROOT_CLASS = YES_ERROR;
				CLANG_WARN_QUOTED_INCLUDE_IN_FRAMEWORK_HEADER = YES;
				CLANG_WARN_RANGE_LOOP_ANALYSIS = YES;
				CLANG_WARN_STRICT_PROTOTYPES = YES;
				CLANG_WARN_SUSPICIOUS_MOVE = YES;
				CLANG_WARN_UNGUARDED_AVAILABILITY = YES_AGGRESSIVE;
				CLANG_WARN_UNREACHABLE_CODE = YES;
				CLANG_WARN__DUPLICATE_METHOD_MATCH = YES;
				COPY_PHASE_STRIP = NO;
				DEBUG_INFORMATION_FORMAT = dwarf;
				ENABLE_STRICT_OBJC_MSGSEND = YES;
				ENABLE_TESTABILITY = YES;
				ENABLE_USER_SCRIPT_SANDBOXING = YES;
				GCC_C_LANGUAGE_STANDARD = gnu17;
				GCC_DYNAMIC_NO_PIC = NO;
				GCC_NO_COMMON_BLOCKS = YES;
				GCC_OPTIMIZATION_LEVEL = 0;
				GCC_PREPROCESSOR_DEFINITIONS = (
					"DEBUG=1",
					"$(inherited)",
				);
				GCC_WARN_64_TO_32_BIT_CONVERSION = YES;
				GCC_WARN_ABOUT_RETURN_TYPE = YES_ERROR;
				GCC_WARN_UNDECLARED_SELECTOR = YES;
				GCC_WARN_UNINITIALIZED_AUTOS = YES_AGGRESSIVE;
				GCC_WARN_UNUSED_FUNCTION = YES;
				GCC_WARN_UNUSED_VARIABLE = YES;
				IPHONEOS_DEPLOYMENT_TARGET = 17.2;
				LOCALIZATION_PREFERS_STRING_CATALOGS = YES;
				MTL_ENABLE_DEBUG_INFO = INCLUDE_SOURCE;
				MTL_FAST_MATH = YES;
				ONLY_ACTIVE_ARCH = YES;
				SDKROOT = iphoneos;
				SWIFT_ACTIVE_COMPILATION_CONDITIONS = "DEBUG $(inherited)";
				SWIFT_OPTIMIZATION_LEVEL = "-Onone";
			};
			name = Debug;
		};
		BF8D95BA2B5D600E009E9514 /* Release */ = {
			isa = XCBuildConfiguration;
			buildSettings = {
				ALWAYS_SEARCH_USER_PATHS = NO;
				ASSETCATALOG_COMPILER_GENERATE_SWIFT_ASSET_SYMBOL_EXTENSIONS = YES;
				CLANG_ANALYZER_NONNULL = YES;
				CLANG_ANALYZER_NUMBER_OBJECT_CONVERSION = YES_AGGRESSIVE;
				CLANG_CXX_LANGUAGE_STANDARD = "gnu++20";
				CLANG_ENABLE_MODULES = YES;
				CLANG_ENABLE_OBJC_ARC = YES;
				CLANG_ENABLE_OBJC_WEAK = YES;
				CLANG_WARN_BLOCK_CAPTURE_AUTORELEASING = YES;
				CLANG_WARN_BOOL_CONVERSION = YES;
				CLANG_WARN_COMMA = YES;
				CLANG_WARN_CONSTANT_CONVERSION = YES;
				CLANG_WARN_DEPRECATED_OBJC_IMPLEMENTATIONS = YES;
				CLANG_WARN_DIRECT_OBJC_ISA_USAGE = YES_ERROR;
				CLANG_WARN_DOCUMENTATION_COMMENTS = YES;
				CLANG_WARN_EMPTY_BODY = YES;
				CLANG_WARN_ENUM_CONVERSION = YES;
				CLANG_WARN_INFINITE_RECURSION = YES;
				CLANG_WARN_INT_CONVERSION = YES;
				CLANG_WARN_NON_LITERAL_NULL_CONVERSION = YES;
				CLANG_WARN_OBJC_IMPLICIT_RETAIN_SELF = YES;
				CLANG_WARN_OBJC_LITERAL_CONVERSION = YES;
				CLANG_WARN_OBJC_ROOT_CLASS = YES_ERROR;
				CLANG_WARN_QUOTED_INCLUDE_IN_FRAMEWORK_HEADER = YES;
				CLANG_WARN_RANGE_LOOP_ANALYSIS = YES;
				CLANG_WARN_STRICT_PROTOTYPES = YES;
				CLANG_WARN_SUSPICIOUS_MOVE = YES;
				CLANG_WARN_UNGUARDED_AVAILABILITY = YES_AGGRESSIVE;
				CLANG_WARN_UNREACHABLE_CODE = YES;
				CLANG_WARN__DUPLICATE_METHOD_MATCH = YES;
				COPY_PHASE_STRIP = NO;
				DEBUG_INFORMATION_FORMAT = "dwarf-with-dsym";
				ENABLE_NS_ASSERTIONS = NO;
				ENABLE_STRICT_OBJC_MSGSEND = YES;
				ENABLE_USER_SCRIPT_SANDBOXING = YES;
				GCC_C_LANGUAGE_STANDARD = gnu17;
				GCC_NO_COMMON_BLOCKS = YES;
				GCC_WARN_64_TO_32_BIT_CONVERSION = YES;
				GCC_WARN_ABOUT_RETURN_TYPE = YES_ERROR;
				GCC_WARN_UNDECLARED_SELECTOR = YES;
				GCC_WARN_UNINITIALIZED_AUTOS = YES_AGGRESSIVE;
				GCC_WARN_UNUSED_FUNCTION = YES;
				GCC_WARN_UNUSED_VARIABLE = YES;
				IPHONEOS_DEPLOYMENT_TARGET = 17.2;
				LOCALIZATION_PREFERS_STRING_CATALOGS = YES;
				MTL_ENABLE_DEBUG_INFO = NO;
				MTL_FAST_MATH = YES;
				SDKROOT = iphoneos;
				SWIFT_COMPILATION_MODE = wholemodule;
				VALIDATE_PRODUCT = YES;
			};
			name = Release;
		};
		BF8D95BC2B5D600E009E9514 /* Debug */ = {
			isa = XCBuildConfiguration;
			buildSettings = {
				ASSETCATALOG_COMPILER_APPICON_NAME = AppIcon;
				ASSETCATALOG_COMPILER_GLOBAL_ACCENT_COLOR_NAME = AccentColor;
				CODE_SIGN_STYLE = Automatic;
				CURRENT_PROJECT_VERSION = 1;
				DEVELOPMENT_TEAM = MN2C4KUDVN;
				GENERATE_INFOPLIST_FILE = YES;
				INFOPLIST_FILE = MVVMKullanimi/Info.plist;
				INFOPLIST_KEY_UIApplicationSupportsIndirectInputEvents = YES;
				INFOPLIST_KEY_UILaunchStoryboardName = LaunchScreen;
				INFOPLIST_KEY_UIMainStoryboardFile = Main;
				INFOPLIST_KEY_UISupportedInterfaceOrientations_iPad = "UIInterfaceOrientationPortrait UIInterfaceOrientationPortraitUpsideDown UIInterfaceOrientationLandscapeLeft UIInterfaceOrientationLandscapeRight";
				INFOPLIST_KEY_UISupportedInterfaceOrientations_iPhone = "UIInterfaceOrientationPortrait UIInterfaceOrientationLandscapeLeft UIInterfaceOrientationLandscapeRight";
				LD_RUNPATH_SEARCH_PATHS = (
					"$(inherited)",
					"@executable_path/Frameworks",
				);
				MARKETING_VERSION = 1.0;
				PRODUCT_BUNDLE_IDENTIFIER = com.SpotifyTemplate.MVVMKullanimi;
				PRODUCT_NAME = "$(TARGET_NAME)";
				SWIFT_EMIT_LOC_STRINGS = YES;
				SWIFT_VERSION = 5.0;
				TARGETED_DEVICE_FAMILY = "1,2";
			};
			name = Debug;
		};
		BF8D95BD2B5D600E009E9514 /* Release */ = {
			isa = XCBuildConfiguration;
			buildSettings = {
				ASSETCATALOG_COMPILER_APPICON_NAME = AppIcon;
				ASSETCATALOG_COMPILER_GLOBAL_ACCENT_COLOR_NAME = AccentColor;
				CODE_SIGN_STYLE = Automatic;
				CURRENT_PROJECT_VERSION = 1;
				DEVELOPMENT_TEAM = MN2C4KUDVN;
				GENERATE_INFOPLIST_FILE = YES;
				INFOPLIST_FILE = MVVMKullanimi/Info.plist;
				INFOPLIST_KEY_UIApplicationSupportsIndirectInputEvents = YES;
				INFOPLIST_KEY_UILaunchStoryboardName = LaunchScreen;
				INFOPLIST_KEY_UIMainStoryboardFile = Main;
				INFOPLIST_KEY_UISupportedInterfaceOrientations_iPad = "UIInterfaceOrientationPortrait UIInterfaceOrientationPortraitUpsideDown UIInterfaceOrientationLandscapeLeft UIInterfaceOrientationLandscapeRight";
				INFOPLIST_KEY_UISupportedInterfaceOrientations_iPhone = "UIInterfaceOrientationPortrait UIInterfaceOrientationLandscapeLeft UIInterfaceOrientationLandscapeRight";
				LD_RUNPATH_SEARCH_PATHS = (
					"$(inherited)",
					"@executable_path/Frameworks",
				);
				MARKETING_VERSION = 1.0;
				PRODUCT_BUNDLE_IDENTIFIER = com.SpotifyTemplate.MVVMKullanimi;
				PRODUCT_NAME = "$(TARGET_NAME)";
				SWIFT_EMIT_LOC_STRINGS = YES;
				SWIFT_VERSION = 5.0;
				TARGETED_DEVICE_FAMILY = "1,2";
			};
			name = Release;
		};
/* End XCBuildConfiguration section */

/* Begin XCConfigurationList section */
		BF8D95A22B5D600D009E9514 /* Build configuration list for PBXProject "MVVMKullanimi" */ = {
			isa = XCConfigurationList;
			buildConfigurations = (
				BF8D95B92B5D600E009E9514 /* Debug */,
				BF8D95BA2B5D600E009E9514 /* Release */,
			);
			defaultConfigurationIsVisible = 0;
			defaultConfigurationName = Release;
		};
		BF8D95BB2B5D600E009E9514 /* Build configuration list for PBXNativeTarget "MVVMKullanimi" */ = {
			isa = XCConfigurationList;
			buildConfigurations = (
				BF8D95BC2B5D600E009E9514 /* Debug */,
				BF8D95BD2B5D600E009E9514 /* Release */,
			);
			defaultConfigurationIsVisible = 0;
			defaultConfigurationName = Release;
		};
/* End XCConfigurationList section */

/* Begin XCRemoteSwiftPackageReference section */
		BF8D95C02B5D6543009E9514 /* XCRemoteSwiftPackageReference "RxSwift" */ = {
			isa = XCRemoteSwiftPackageReference;
			repositoryURL = "https://github.com/ReactiveX/RxSwift.git";
			requirement = {
				kind = upToNextMajorVersion;
				minimumVersion = 6.6.0;
			};
		};
/* End XCRemoteSwiftPackageReference section */

/* Begin XCSwiftPackageProductDependency section */
		BF8D95CD2B5D6543009E9514 /* RxSwift */ = {
			isa = XCSwiftPackageProductDependency;
			package = BF8D95C02B5D6543009E9514 /* XCRemoteSwiftPackageReference "RxSwift" */;
			productName = RxSwift;
		};
/* End XCSwiftPackageProductDependency section */
	};
	rootObject = BF8D959F2B5D600D009E9514 /* Project object */;
}
