// !$*UTF8*$!
{
	archiveVersion = 1;
	classes = {
	};
	objectVersion = 56;
	objects = {

/* Begin PBXBuildFile section */
		BF47F4652B69735800B1049B /* AppDelegate.swift in Sources */ = {isa = PBXBuildFile; fileRef = BF47F4642B69735800B1049B /* AppDelegate.swift */; };
		BF47F4672B69735800B1049B /* SceneDelegate.swift in Sources */ = {isa = PBXBuildFile; fileRef = BF47F4662B69735800B1049B /* SceneDelegate.swift */; };
		BF47F4692B69735800B1049B /* ViewController.swift in Sources */ = {isa = PBXBuildFile; fileRef = BF47F4682B69735800B1049B /* ViewController.swift */; };
		BF47F46C2B69735800B1049B /* Main.storyboard in Resources */ = {isa = PBXBuildFile; fileRef = BF47F46A2B69735800B1049B /* Main.storyboard */; };
		BF47F46E2B69735900B1049B /* Assets.xcassets in Resources */ = {isa = PBXBuildFile; fileRef = BF47F46D2B69735900B1049B /* Assets.xcassets */; };
		BF47F4712B69735900B1049B /* LaunchScreen.storyboard in Resources */ = {isa = PBXBuildFile; fileRef = BF47F46F2B69735900B1049B /* LaunchScreen.storyboard */; };
		BF47F47A2B6973DB00B1049B /* CoreLocation.framework in Frameworks */ = {isa = PBXBuildFile; fileRef = BF47F4792B6973DB00B1049B /* CoreLocation.framework */; };
		BF47F47C2B6975E600B1049B /* MapKit.framework in Frameworks */ = {isa = PBXBuildFile; fileRef = BF47F47B2B6975E600B1049B /* MapKit.framework */; };
/* End PBXBuildFile section */

/* Begin PBXFileReference section */
		BF47F4612B69735800B1049B /* LokasyonKullanimi.app */ = {isa = PBXFileReference; explicitFileType = wrapper.application; includeInIndex = 0; path = LokasyonKullanimi.app; sourceTree = BUILT_PRODUCTS_DIR; };
		BF47F4642B69735800B1049B /* AppDelegate.swift */ = {isa = PBXFileReference; lastKnownFileType = sourcecode.swift; path = AppDelegate.swift; sourceTree = "<group>"; };
		BF47F4662B69735800B1049B /* SceneDelegate.swift */ = {isa = PBXFileReference; lastKnownFileType = sourcecode.swift; path = SceneDelegate.swift; sourceTree = "<group>"; };
		BF47F4682B69735800B1049B /* ViewController.swift */ = {isa = PBXFileReference; lastKnownFileType = sourcecode.swift; path = ViewController.swift; sourceTree = "<group>"; };
		BF47F46B2B69735800B1049B /* Base */ = {isa = PBXFileReference; lastKnownFileType = file.storyboard; name = Base; path = Base.lproj/Main.storyboard; sourceTree = "<group>"; };
		BF47F46D2B69735900B1049B /* Assets.xcassets */ = {isa = PBXFileReference; lastKnownFileType = folder.assetcatalog; path = Assets.xcassets; sourceTree = "<group>"; };
		BF47F4702B69735900B1049B /* Base */ = {isa = PBXFileReference; lastKnownFileType = file.storyboard; name = Base; path = Base.lproj/LaunchScreen.storyboard; sourceTree = "<group>"; };
		BF47F4722B69735900B1049B /* Info.plist */ = {isa = PBXFileReference; lastKnownFileType = text.plist.xml; path = Info.plist; sourceTree = "<group>"; };
		BF47F4792B6973DB00B1049B /* CoreLocation.framework */ = {isa = PBXFileReference; lastKnownFileType = wrapper.framework; name = CoreLocation.framework; path = System/Library/Frameworks/CoreLocation.framework; sourceTree = SDKROOT; };
		BF47F47B2B6975E600B1049B /* MapKit.framework */ = {isa = PBXFileReference; lastKnownFileType = wrapper.framework; name = MapKit.framework; path = System/Library/Frameworks/MapKit.framework; sourceTree = SDKROOT; };
/* End PBXFileReference section */

/* Begin PBXFrameworksBuildPhase section */
		BF47F45E2B69735800B1049B /* Frameworks */ = {
			isa = PBXFrameworksBuildPhase;
			buildActionMask = 2147483647;
			files = (
				BF47F47C2B6975E600B1049B /* MapKit.framework in Frameworks */,
				BF47F47A2B6973DB00B1049B /* CoreLocation.framework in Frameworks */,
			);
			runOnlyForDeploymentPostprocessing = 0;
		};
/* End PBXFrameworksBuildPhase section */

/* Begin PBXGroup section */
		BF47F4582B69735800B1049B = {
			isa = PBXGroup;
			children = (
				BF47F4632B69735800B1049B /* LokasyonKullanimi */,
				BF47F4622B69735800B1049B /* Products */,
				BF47F4782B6973DB00B1049B /* Frameworks */,
			);
			sourceTree = "<group>";
		};
		BF47F4622B69735800B1049B /* Products */ = {
			isa = PBXGroup;
			children = (
				BF47F4612B69735800B1049B /* LokasyonKullanimi.app */,
			);
			name = Products;
			sourceTree = "<group>";
		};
		BF47F4632B69735800B1049B /* LokasyonKullanimi */ = {
			isa = PBXGroup;
			children = (
				BF47F4642B69735800B1049B /* AppDelegate.swift */,
				BF47F4662B69735800B1049B /* SceneDelegate.swift */,
				BF47F4682B69735800B1049B /* ViewController.swift */,
				BF47F46A2B69735800B1049B /* Main.storyboard */,
				BF47F46D2B69735900B1049B /* Assets.xcassets */,
				BF47F46F2B69735900B1049B /* LaunchScreen.storyboard */,
				BF47F4722B69735900B1049B /* Info.plist */,
			);
			path = LokasyonKullanimi;
			sourceTree = "<group>";
		};
		BF47F4782B6973DB00B1049B /* Frameworks */ = {
			isa = PBXGroup;
			children = (
				BF47F47B2B6975E600B1049B /* MapKit.framework */,
				BF47F4792B6973DB00B1049B /* CoreLocation.framework */,
			);
			name = Frameworks;
			sourceTree = "<group>";
		};
/* End PBXGroup section */

/* Begin PBXNativeTarget section */
		BF47F4602B69735800B1049B /* LokasyonKullanimi */ = {
			isa = PBXNativeTarget;
			buildConfigurationList = BF47F4752B69735900B1049B /* Build configuration list for PBXNativeTarget "LokasyonKullanimi" */;
			buildPhases = (
				BF47F45D2B69735800B1049B /* Sources */,
				BF47F45E2B69735800B1049B /* Frameworks */,
				BF47F45F2B69735800B1049B /* Resources */,
			);
			buildRules = (
			);
			dependencies = (
			);
			name = LokasyonKullanimi;
			productName = LokasyonKullanimi;
			productReference = BF47F4612B69735800B1049B /* LokasyonKullanimi.app */;
			productType = "com.apple.product-type.application";
		};
/* End PBXNativeTarget section */

/* Begin PBXProject section */
		BF47F4592B69735800B1049B /* Project object */ = {
			isa = PBXProject;
			attributes = {
				BuildIndependentTargetsInParallel = 1;
				LastSwiftUpdateCheck = 1520;
				LastUpgradeCheck = 1520;
				TargetAttributes = {
					BF47F4602B69735800B1049B = {
						CreatedOnToolsVersion = 15.2;
					};
				};
			};
			buildConfigurationList = BF47F45C2B69735800B1049B /* Build configuration list for PBXProject "LokasyonKullanimi" */;
			compatibilityVersion = "Xcode 14.0";
			developmentRegion = en;
			hasScannedForEncodings = 0;
			knownRegions = (
				en,
				Base,
			);
			mainGroup = BF47F4582B69735800B1049B;
			productRefGroup = BF47F4622B69735800B1049B /* Products */;
			projectDirPath = "";
			projectRoot = "";
			targets = (
				BF47F4602B69735800B1049B /* LokasyonKullanimi */,
			);
		};
/* End PBXProject section */

/* Begin PBXResourcesBuildPhase section */
		BF47F45F2B69735800B1049B /* Resources */ = {
			isa = PBXResourcesBuildPhase;
			buildActionMask = 2147483647;
			files = (
				BF47F4712B69735900B1049B /* LaunchScreen.storyboard in Resources */,
				BF47F46E2B69735900B1049B /* Assets.xcassets in Resources */,
				BF47F46C2B69735800B1049B /* Main.storyboard in Resources */,
			);
			runOnlyForDeploymentPostprocessing = 0;
		};
/* End PBXResourcesBuildPhase section */

/* Begin PBXSourcesBuildPhase section */
		BF47F45D2B69735800B1049B /* Sources */ = {
			isa = PBXSourcesBuildPhase;
			buildActionMask = 2147483647;
			files = (
				BF47F4692B69735800B1049B /* ViewController.swift in Sources */,
				BF47F4652B69735800B1049B /* AppDelegate.swift in Sources */,
				BF47F4672B69735800B1049B /* SceneDelegate.swift in Sources */,
			);
			runOnlyForDeploymentPostprocessing = 0;
		};
/* End PBXSourcesBuildPhase section */

/* Begin PBXVariantGroup section */
		BF47F46A2B69735800B1049B /* Main.storyboard */ = {
			isa = PBXVariantGroup;
			children = (
				BF47F46B2B69735800B1049B /* Base */,
			);
			name = Main.storyboard;
			sourceTree = "<group>";
		};
		BF47F46F2B69735900B1049B /* LaunchScreen.storyboard */ = {
			isa = PBXVariantGroup;
			children = (
				BF47F4702B69735900B1049B /* Base */,
			);
			name = LaunchScreen.storyboard;
			sourceTree = "<group>";
		};
/* End PBXVariantGroup section */

/* Begin XCBuildConfiguration section */
		BF47F4732B69735900B1049B /* Debug */ = {
			isa = XCBuildConfiguration;
			buildSettings = {
				ALWAYS_SEARCH_USER_PATHS = NO;
				ASSETCATALOG_COMPILER_GENERATE_SWIFT_ASSET_SYMBOL_EXTENSIONS = YES;
				CLANG_ANALYZER_NONNULL = YES;
				CLANG_ANALYZER_NUMBER_OBJECT_CONVERSION = YES_AGGRESSIVE;
				CLANG_CXX_LANGUAGE_STANDARD = "gnu++20";
				CLANG_ENABLE_MODULES = YES;
				CLANG_ENABLE_OBJC_ARC = YES;
				CLANG_ENABLE_OBJC_WEAK = YES;
				CLANG_WARN_BLOCK_CAPTURE_AUTORELEASING = YES;
				CLANG_WARN_BOOL_CONVERSION = YES;
				CLANG_WARN_COMMA = YES;
				CLANG_WARN_CONSTANT_CONVERSION = YES;
				CLANG_WARN_DEPRECATED_OBJC_IMPLEMENTATIONS = YES;
				CLANG_WARN_DIRECT_OBJC_ISA_USAGE = YES_ERROR;
				CLANG_WARN_DOCUMENTATION_COMMENTS = YES;
				CLANG_WARN_EMPTY_BODY = YES;
				CLANG_WARN_ENUM_CONVERSION = YES;
				CLANG_WARN_INFINITE_RECURSION = YES;
				CLANG_WARN_INT_CONVERSION = YES;
				CLANG_WARN_NON_LITERAL_NULL_CONVERSION = YES;
				CLANG_WARN_OBJC_IMPLICIT_RETAIN_SELF = YES;
				CLANG_WARN_OBJC_LITERAL_CONVERSION = YES;
				CLANG_WARN_OBJC_ROOT_CLASS = YES_ERROR;
				CLANG_WARN_QUOTED_INCLUDE_IN_FRAMEWORK_HEADER = YES;
				CLANG_WARN_RANGE_LOOP_ANALYSIS = YES;
				CLANG_WARN_STRICT_PROTOTYPES = YES;
				CLANG_WARN_SUSPICIOUS_MOVE = YES;
				CLANG_WARN_UNGUARDED_AVAILABILITY = YES_AGGRESSIVE;
				CLANG_WARN_UNREACHABLE_CODE = YES;
				CLANG_WARN__DUPLICATE_METHOD_MATCH = YES;
				COPY_PHASE_STRIP = NO;
				DEBUG_INFORMATION_FORMAT = dwarf;
				ENABLE_STRICT_OBJC_MSGSEND = YES;
				ENABLE_TESTABILITY = YES;
				ENABLE_USER_SCRIPT_SANDBOXING = YES;
				GCC_C_LANGUAGE_STANDARD = gnu17;
				GCC_DYNAMIC_NO_PIC = NO;
				GCC_NO_COMMON_BLOCKS = YES;
				GCC_OPTIMIZATION_LEVEL = 0;
				GCC_PREPROCESSOR_DEFINITIONS = (
					"DEBUG=1",
					"$(inherited)",
				);
				GCC_WARN_64_TO_32_BIT_CONVERSION = YES;
				GCC_WARN_ABOUT_RETURN_TYPE = YES_ERROR;
				GCC_WARN_UNDECLARED_SELECTOR = YES;
				GCC_WARN_UNINITIALIZED_AUTOS = YES_AGGRESSIVE;
				GCC_WARN_UNUSED_FUNCTION = YES;
				GCC_WARN_UNUSED_VARIABLE = YES;
				IPHONEOS_DEPLOYMENT_TARGET = 17.2;
				LOCALIZATION_PREFERS_STRING_CATALOGS = YES;
				MTL_ENABLE_DEBUG_INFO = INCLUDE_SOURCE;
				MTL_FAST_MATH = YES;
				ONLY_ACTIVE_ARCH = YES;
				SDKROOT = iphoneos;
				SWIFT_ACTIVE_COMPILATION_CONDITIONS = "DEBUG $(inherited)";
				SWIFT_OPTIMIZATION_LEVEL = "-Onone";
			};
			name = Debug;
		};
		BF47F4742B69735900B1049B /* Release */ = {
			isa = XCBuildConfiguration;
			buildSettings = {
				ALWAYS_SEARCH_USER_PATHS = NO;
				ASSETCATALOG_COMPILER_GENERATE_SWIFT_ASSET_SYMBOL_EXTENSIONS = YES;
				CLANG_ANALYZER_NONNULL = YES;
				CLANG_ANALYZER_NUMBER_OBJECT_CONVERSION = YES_AGGRESSIVE;
				CLANG_CXX_LANGUAGE_STANDARD = "gnu++20";
				CLANG_ENABLE_MODULES = YES;
				CLANG_ENABLE_OBJC_ARC = YES;
				CLANG_ENABLE_OBJC_WEAK = YES;
				CLANG_WARN_BLOCK_CAPTURE_AUTORELEASING = YES;
				CLANG_WARN_BOOL_CONVERSION = YES;
				CLANG_WARN_COMMA = YES;
				CLANG_WARN_CONSTANT_CONVERSION = YES;
				CLANG_WARN_DEPRECATED_OBJC_IMPLEMENTATIONS = YES;
				CLANG_WARN_DIRECT_OBJC_ISA_USAGE = YES_ERROR;
				CLANG_WARN_DOCUMENTATION_COMMENTS = YES;
				CLANG_WARN_EMPTY_BODY = YES;
				CLANG_WARN_ENUM_CONVERSION = YES;
				CLANG_WARN_INFINITE_RECURSION = YES;
				CLANG_WARN_INT_CONVERSION = YES;
				CLANG_WARN_NON_LITERAL_NULL_CONVERSION = YES;
				CLANG_WARN_OBJC_IMPLICIT_RETAIN_SELF = YES;
				CLANG_WARN_OBJC_LITERAL_CONVERSION = YES;
				CLANG_WARN_OBJC_ROOT_CLASS = YES_ERROR;
				CLANG_WARN_QUOTED_INCLUDE_IN_FRAMEWORK_HEADER = YES;
				CLANG_WARN_RANGE_LOOP_ANALYSIS = YES;
				CLANG_WARN_STRICT_PROTOTYPES = YES;
				CLANG_WARN_SUSPICIOUS_MOVE = YES;
				CLANG_WARN_UNGUARDED_AVAILABILITY = YES_AGGRESSIVE;
				CLANG_WARN_UNREACHABLE_CODE = YES;
				CLANG_WARN__DUPLICATE_METHOD_MATCH = YES;
				COPY_PHASE_STRIP = NO;
				DEBUG_INFORMATION_FORMAT = "dwarf-with-dsym";
				ENABLE_NS_ASSERTIONS = NO;
				ENABLE_STRICT_OBJC_MSGSEND = YES;
				ENABLE_USER_SCRIPT_SANDBOXING = YES;
				GCC_C_LANGUAGE_STANDARD = gnu17;
				GCC_NO_COMMON_BLOCKS = YES;
				GCC_WARN_64_TO_32_BIT_CONVERSION = YES;
				GCC_WARN_ABOUT_RETURN_TYPE = YES_ERROR;
				GCC_WARN_UNDECLARED_SELECTOR = YES;
				GCC_WARN_UNINITIALIZED_AUTOS = YES_AGGRESSIVE;
				GCC_WARN_UNUSED_FUNCTION = YES;
				GCC_WARN_UNUSED_VARIABLE = YES;
				IPHONEOS_DEPLOYMENT_TARGET = 17.2;
				LOCALIZATION_PREFERS_STRING_CATALOGS = YES;
				MTL_ENABLE_DEBUG_INFO = NO;
				MTL_FAST_MATH = YES;
				SDKROOT = iphoneos;
				SWIFT_COMPILATION_MODE = wholemodule;
				VALIDATE_PRODUCT = YES;
			};
			name = Release;
		};
		BF47F4762B69735900B1049B /* Debug */ = {
			isa = XCBuildConfiguration;
			buildSettings = {
				ASSETCATALOG_COMPILER_APPICON_NAME = AppIcon;
				ASSETCATALOG_COMPILER_GLOBAL_ACCENT_COLOR_NAME = AccentColor;
				CODE_SIGN_STYLE = Automatic;
				CURRENT_PROJECT_VERSION = 1;
				DEVELOPMENT_TEAM = MN2C4KUDVN;
				GENERATE_INFOPLIST_FILE = YES;
				INFOPLIST_FILE = LokasyonKullanimi/Info.plist;
				INFOPLIST_KEY_NSLocationWhenInUseUsageDescription = "Konum izni";
				INFOPLIST_KEY_UIApplicationSupportsIndirectInputEvents = YES;
				INFOPLIST_KEY_UILaunchStoryboardName = LaunchScreen;
				INFOPLIST_KEY_UIMainStoryboardFile = Main;
				INFOPLIST_KEY_UISupportedInterfaceOrientations_iPad = "UIInterfaceOrientationPortrait UIInterfaceOrientationPortraitUpsideDown UIInterfaceOrientationLandscapeLeft UIInterfaceOrientationLandscapeRight";
				INFOPLIST_KEY_UISupportedInterfaceOrientations_iPhone = "UIInterfaceOrientationPortrait UIInterfaceOrientationLandscapeLeft UIInterfaceOrientationLandscapeRight";
				LD_RUNPATH_SEARCH_PATHS = (
					"$(inherited)",
					"@executable_path/Frameworks",
				);
				MARKETING_VERSION = 1.0;
				PRODUCT_BUNDLE_IDENTIFIER = com.SpotifyTemplate.LokasyonKullanimi;
				PRODUCT_NAME = "$(TARGET_NAME)";
				SWIFT_EMIT_LOC_STRINGS = YES;
				SWIFT_VERSION = 5.0;
				TARGETED_DEVICE_FAMILY = "1,2";
			};
			name = Debug;
		};
		BF47F4772B69735900B1049B /* Release */ = {
			isa = XCBuildConfiguration;
			buildSettings = {
				ASSETCATALOG_COMPILER_APPICON_NAME = AppIcon;
				ASSETCATALOG_COMPILER_GLOBAL_ACCENT_COLOR_NAME = AccentColor;
				CODE_SIGN_STYLE = Automatic;
				CURRENT_PROJECT_VERSION = 1;
				DEVELOPMENT_TEAM = MN2C4KUDVN;
				GENERATE_INFOPLIST_FILE = YES;
				INFOPLIST_FILE = LokasyonKullanimi/Info.plist;
				INFOPLIST_KEY_NSLocationWhenInUseUsageDescription = "Konum izni";
				INFOPLIST_KEY_UIApplicationSupportsIndirectInputEvents = YES;
				INFOPLIST_KEY_UILaunchStoryboardName = LaunchScreen;
				INFOPLIST_KEY_UIMainStoryboardFile = Main;
				INFOPLIST_KEY_UISupportedInterfaceOrientations_iPad = "UIInterfaceOrientationPortrait UIInterfaceOrientationPortraitUpsideDown UIInterfaceOrientationLandscapeLeft UIInterfaceOrientationLandscapeRight";
				INFOPLIST_KEY_UISupportedInterfaceOrientations_iPhone = "UIInterfaceOrientationPortrait UIInterfaceOrientationLandscapeLeft UIInterfaceOrientationLandscapeRight";
				LD_RUNPATH_SEARCH_PATHS = (
					"$(inherited)",
					"@executable_path/Frameworks",
				);
				MARKETING_VERSION = 1.0;
				PRODUCT_BUNDLE_IDENTIFIER = com.SpotifyTemplate.LokasyonKullanimi;
				PRODUCT_NAME = "$(TARGET_NAME)";
				SWIFT_EMIT_LOC_STRINGS = YES;
				SWIFT_VERSION = 5.0;
				TARGETED_DEVICE_FAMILY = "1,2";
			};
			name = Release;
		};
/* End XCBuildConfiguration section */

/* Begin XCConfigurationList section */
		BF47F45C2B69735800B1049B /* Build configuration list for PBXProject "LokasyonKullanimi" */ = {
			isa = XCConfigurationList;
			buildConfigurations = (
				BF47F4732B69735900B1049B /* Debug */,
				BF47F4742B69735900B1049B /* Release */,
			);
			defaultConfigurationIsVisible = 0;
			defaultConfigurationName = Release;
		};
		BF47F4752B69735900B1049B /* Build configuration list for PBXNativeTarget "LokasyonKullanimi" */ = {
			isa = XCConfigurationList;
			buildConfigurations = (
				BF47F4762B69735900B1049B /* Debug */,
				BF47F4772B69735900B1049B /* Release */,
			);
			defaultConfigurationIsVisible = 0;
			defaultConfigurationName = Release;
		};
/* End XCConfigurationList section */
	};
	rootObject = BF47F4592B69735800B1049B /* Project object */;
}
